// !$*UTF8*$!
{
	archiveVersion = 1;
	classes = {
	};
	objectVersion = 50;
	objects = {

/* Begin PBXBuildFile section */
		47DECF592493609800EC00F8 /* AppDelegate.swift in Sources */ = {isa = PBXBuildFile; fileRef = 47DECF582493609800EC00F8 /* AppDelegate.swift */; };
		47DECF5B2493609800EC00F8 /* SceneDelegate.swift in Sources */ = {isa = PBXBuildFile; fileRef = 47DECF5A2493609800EC00F8 /* SceneDelegate.swift */; };
		47DECF5D2493609800EC00F8 /* ViewController.swift in Sources */ = {isa = PBXBuildFile; fileRef = 47DECF5C2493609800EC00F8 /* ViewController.swift */; };
		47DECF602493609800EC00F8 /* Main.storyboard in Resources */ = {isa = PBXBuildFile; fileRef = 47DECF5E2493609800EC00F8 /* Main.storyboard */; };
		47DECF622493609A00EC00F8 /* Assets.xcassets in Resources */ = {isa = PBXBuildFile; fileRef = 47DECF612493609A00EC00F8 /* Assets.xcassets */; };
		47DECF652493609A00EC00F8 /* LaunchScreen.storyboard in Resources */ = {isa = PBXBuildFile; fileRef = 47DECF632493609A00EC00F8 /* LaunchScreen.storyboard */; };
		47DECF702493609A00EC00F8 /* Swift_Study_16Tests.swift in Sources */ = {isa = PBXBuildFile; fileRef = 47DECF6F2493609A00EC00F8 /* Swift_Study_16Tests.swift */; };
		47DECF7B2493609A00EC00F8 /* Swift_Study_16UITests.swift in Sources */ = {isa = PBXBuildFile; fileRef = 47DECF7A2493609A00EC00F8 /* Swift_Study_16UITests.swift */; };
		47DECF892493622200EC00F8 /* ListViewController.swift in Sources */ = {isa = PBXBuildFile; fileRef = 47DECF882493622200EC00F8 /* ListViewController.swift */; };
		47DECF8B249364D300EC00F8 /* MovieVO.swift in Sources */ = {isa = PBXBuildFile; fileRef = 47DECF8A249364D300EC00F8 /* MovieVO.swift */; };
/* End PBXBuildFile section */

/* Begin PBXContainerItemProxy section */
		47DECF6C2493609A00EC00F8 /* PBXContainerItemProxy */ = {
			isa = PBXContainerItemProxy;
			containerPortal = 47DECF4D2493609800EC00F8 /* Project object */;
			proxyType = 1;
			remoteGlobalIDString = 47DECF542493609800EC00F8;
			remoteInfo = Swift_Study_16;
		};
		47DECF772493609A00EC00F8 /* PBXContainerItemProxy */ = {
			isa = PBXContainerItemProxy;
			containerPortal = 47DECF4D2493609800EC00F8 /* Project object */;
			proxyType = 1;
			remoteGlobalIDString = 47DECF542493609800EC00F8;
			remoteInfo = Swift_Study_16;
		};
/* End PBXContainerItemProxy section */

/* Begin PBXFileReference section */
		47DECF552493609800EC00F8 /* Swift_Study_16.app */ = {isa = PBXFileReference; explicitFileType = wrapper.application; includeInIndex = 0; path = Swift_Study_16.app; sourceTree = BUILT_PRODUCTS_DIR; };
		47DECF582493609800EC00F8 /* AppDelegate.swift */ = {isa = PBXFileReference; lastKnownFileType = sourcecode.swift; path = AppDelegate.swift; sourceTree = "<group>"; };
		47DECF5A2493609800EC00F8 /* SceneDelegate.swift */ = {isa = PBXFileReference; lastKnownFileType = sourcecode.swift; path = SceneDelegate.swift; sourceTree = "<group>"; };
		47DECF5C2493609800EC00F8 /* ViewController.swift */ = {isa = PBXFileReference; lastKnownFileType = sourcecode.swift; path = ViewController.swift; sourceTree = "<group>"; };
		47DECF5F2493609800EC00F8 /* Base */ = {isa = PBXFileReference; lastKnownFileType = file.storyboard; name = Base; path = Base.lproj/Main.storyboard; sourceTree = "<group>"; };
		47DECF612493609A00EC00F8 /* Assets.xcassets */ = {isa = PBXFileReference; lastKnownFileType = folder.assetcatalog; path = Assets.xcassets; sourceTree = "<group>"; };
		47DECF642493609A00EC00F8 /* Base */ = {isa = PBXFileReference; lastKnownFileType = file.storyboard; name = Base; path = Base.lproj/LaunchScreen.storyboard; sourceTree = "<group>"; };
		47DECF662493609A00EC00F8 /* Info.plist */ = {isa = PBXFileReference; lastKnownFileType = text.plist.xml; path = Info.plist; sourceTree = "<group>"; };
		47DECF6B2493609A00EC00F8 /* Swift_Study_16Tests.xctest */ = {isa = PBXFileReference; explicitFileType = wrapper.cfbundle; includeInIndex = 0; path = Swift_Study_16Tests.xctest; sourceTree = BUILT_PRODUCTS_DIR; };
		47DECF6F2493609A00EC00F8 /* Swift_Study_16Tests.swift */ = {isa = PBXFileReference; lastKnownFileType = sourcecode.swift; path = Swift_Study_16Tests.swift; sourceTree = "<group>"; };
		47DECF712493609A00EC00F8 /* Info.plist */ = {isa = PBXFileReference; lastKnownFileType = text.plist.xml; path = Info.plist; sourceTree = "<group>"; };
		47DECF762493609A00EC00F8 /* Swift_Study_16UITests.xctest */ = {isa = PBXFileReference; explicitFileType = wrapper.cfbundle; includeInIndex = 0; path = Swift_Study_16UITests.xctest; sourceTree = BUILT_PRODUCTS_DIR; };
		47DECF7A2493609A00EC00F8 /* Swift_Study_16UITests.swift */ = {isa = PBXFileReference; lastKnownFileType = sourcecode.swift; path = Swift_Study_16UITests.swift; sourceTree = "<group>"; };
		47DECF7C2493609A00EC00F8 /* Info.plist */ = {isa = PBXFileReference; lastKnownFileType = text.plist.xml; path = Info.plist; sourceTree = "<group>"; };
		47DECF882493622200EC00F8 /* ListViewController.swift */ = {isa = PBXFileReference; lastKnownFileType = sourcecode.swift; path = ListViewController.swift; sourceTree = "<group>"; };
		47DECF8A249364D300EC00F8 /* MovieVO.swift */ = {isa = PBXFileReference; lastKnownFileType = sourcecode.swift; path = MovieVO.swift; sourceTree = "<group>"; };
/* End PBXFileReference section */

/* Begin PBXFrameworksBuildPhase section */
		47DECF522493609800EC00F8 /* Frameworks */ = {
			isa = PBXFrameworksBuildPhase;
			buildActionMask = 2147483647;
			files = (
			);
			runOnlyForDeploymentPostprocessing = 0;
		};
		47DECF682493609A00EC00F8 /* Frameworks */ = {
			isa = PBXFrameworksBuildPhase;
			buildActionMask = 2147483647;
			files = (
			);
			runOnlyForDeploymentPostprocessing = 0;
		};
		47DECF732493609A00EC00F8 /* Frameworks */ = {
			isa = PBXFrameworksBuildPhase;
			buildActionMask = 2147483647;
			files = (
			);
			runOnlyForDeploymentPostprocessing = 0;
		};
/* End PBXFrameworksBuildPhase section */

/* Begin PBXGroup section */
		47DECF4C2493609800EC00F8 = {
			isa = PBXGroup;
			children = (
				47DECF572493609800EC00F8 /* Swift_Study_16 */,
				47DECF6E2493609A00EC00F8 /* Swift_Study_16Tests */,
				47DECF792493609A00EC00F8 /* Swift_Study_16UITests */,
				47DECF562493609800EC00F8 /* Products */,
			);
			sourceTree = "<group>";
		};
		47DECF562493609800EC00F8 /* Products */ = {
			isa = PBXGroup;
			children = (
				47DECF552493609800EC00F8 /* Swift_Study_16.app */,
				47DECF6B2493609A00EC00F8 /* Swift_Study_16Tests.xctest */,
				47DECF762493609A00EC00F8 /* Swift_Study_16UITests.xctest */,
			);
			name = Products;
			sourceTree = "<group>";
		};
		47DECF572493609800EC00F8 /* Swift_Study_16 */ = {
			isa = PBXGroup;
			children = (
				47DECF582493609800EC00F8 /* AppDelegate.swift */,
				47DECF5A2493609800EC00F8 /* SceneDelegate.swift */,
				47DECF5C2493609800EC00F8 /* ViewController.swift */,
				47DECF5E2493609800EC00F8 /* Main.storyboard */,
				47DECF8A249364D300EC00F8 /* MovieVO.swift */,
				47DECF882493622200EC00F8 /* ListViewController.swift */,
				47DECF612493609A00EC00F8 /* Assets.xcassets */,
				47DECF632493609A00EC00F8 /* LaunchScreen.storyboard */,
				47DECF662493609A00EC00F8 /* Info.plist */,
			);
			path = Swift_Study_16;
			sourceTree = "<group>";
		};
		47DECF6E2493609A00EC00F8 /* Swift_Study_16Tests */ = {
			isa = PBXGroup;
			children = (
				47DECF6F2493609A00EC00F8 /* Swift_Study_16Tests.swift */,
				47DECF712493609A00EC00F8 /* Info.plist */,
			);
			path = Swift_Study_16Tests;
			sourceTree = "<group>";
		};
		47DECF792493609A00EC00F8 /* Swift_Study_16UITests */ = {
			isa = PBXGroup;
			children = (
				47DECF7A2493609A00EC00F8 /* Swift_Study_16UITests.swift */,
				47DECF7C2493609A00EC00F8 /* Info.plist */,
			);
			path = Swift_Study_16UITests;
			sourceTree = "<group>";
		};
/* End PBXGroup section */

/* Begin PBXNativeTarget section */
		47DECF542493609800EC00F8 /* Swift_Study_16 */ = {
			isa = PBXNativeTarget;
			buildConfigurationList = 47DECF7F2493609A00EC00F8 /* Build configuration list for PBXNativeTarget "Swift_Study_16" */;
			buildPhases = (
				47DECF512493609800EC00F8 /* Sources */,
				47DECF522493609800EC00F8 /* Frameworks */,
				47DECF532493609800EC00F8 /* Resources */,
			);
			buildRules = (
			);
			dependencies = (
			);
			name = Swift_Study_16;
			productName = Swift_Study_16;
			productReference = 47DECF552493609800EC00F8 /* Swift_Study_16.app */;
			productType = "com.apple.product-type.application";
		};
		47DECF6A2493609A00EC00F8 /* Swift_Study_16Tests */ = {
			isa = PBXNativeTarget;
			buildConfigurationList = 47DECF822493609A00EC00F8 /* Build configuration list for PBXNativeTarget "Swift_Study_16Tests" */;
			buildPhases = (
				47DECF672493609A00EC00F8 /* Sources */,
				47DECF682493609A00EC00F8 /* Frameworks */,
				47DECF692493609A00EC00F8 /* Resources */,
			);
			buildRules = (
			);
			dependencies = (
				47DECF6D2493609A00EC00F8 /* PBXTargetDependency */,
			);
			name = Swift_Study_16Tests;
			productName = Swift_Study_16Tests;
			productReference = 47DECF6B2493609A00EC00F8 /* Swift_Study_16Tests.xctest */;
			productType = "com.apple.product-type.bundle.unit-test";
		};
		47DECF752493609A00EC00F8 /* Swift_Study_16UITests */ = {
			isa = PBXNativeTarget;
			buildConfigurationList = 47DECF852493609A00EC00F8 /* Build configuration list for PBXNativeTarget "Swift_Study_16UITests" */;
			buildPhases = (
				47DECF722493609A00EC00F8 /* Sources */,
				47DECF732493609A00EC00F8 /* Frameworks */,
				47DECF742493609A00EC00F8 /* Resources */,
			);
			buildRules = (
			);
			dependencies = (
				47DECF782493609A00EC00F8 /* PBXTargetDependency */,
			);
			name = Swift_Study_16UITests;
			productName = Swift_Study_16UITests;
			productReference = 47DECF762493609A00EC00F8 /* Swift_Study_16UITests.xctest */;
			productType = "com.apple.product-type.bundle.ui-testing";
		};
/* End PBXNativeTarget section */

/* Begin PBXProject section */
		47DECF4D2493609800EC00F8 /* Project object */ = {
			isa = PBXProject;
			attributes = {
				LastSwiftUpdateCheck = 1150;
				LastUpgradeCheck = 1150;
				ORGANIZATIONNAME = DohyunKim;
				TargetAttributes = {
					47DECF542493609800EC00F8 = {
						CreatedOnToolsVersion = 11.5;
					};
					47DECF6A2493609A00EC00F8 = {
						CreatedOnToolsVersion = 11.5;
						TestTargetID = 47DECF542493609800EC00F8;
					};
					47DECF752493609A00EC00F8 = {
						CreatedOnToolsVersion = 11.5;
						TestTargetID = 47DECF542493609800EC00F8;
					};
				};
			};
			buildConfigurationList = 47DECF502493609800EC00F8 /* Build configuration list for PBXProject "Swift_Study_16" */;
			compatibilityVersion = "Xcode 9.3";
			developmentRegion = en;
			hasScannedForEncodings = 0;
			knownRegions = (
				en,
				Base,
			);
			mainGroup = 47DECF4C2493609800EC00F8;
			productRefGroup = 47DECF562493609800EC00F8 /* Products */;
			projectDirPath = "";
			projectRoot = "";
			targets = (
				47DECF542493609800EC00F8 /* Swift_Study_16 */,
				47DECF6A2493609A00EC00F8 /* Swift_Study_16Tests */,
				47DECF752493609A00EC00F8 /* Swift_Study_16UITests */,
			);
		};
/* End PBXProject section */

/* Begin PBXResourcesBuildPhase section */
		47DECF532493609800EC00F8 /* Resources */ = {
			isa = PBXResourcesBuildPhase;
			buildActionMask = 2147483647;
			files = (
				47DECF652493609A00EC00F8 /* LaunchScreen.storyboard in Resources */,
				47DECF622493609A00EC00F8 /* Assets.xcassets in Resources */,
				47DECF602493609800EC00F8 /* Main.storyboard in Resources */,
			);
			runOnlyForDeploymentPostprocessing = 0;
		};
		47DECF692493609A00EC00F8 /* Resources */ = {
			isa = PBXResourcesBuildPhase;
			buildActionMask = 2147483647;
			files = (
			);
			runOnlyForDeploymentPostprocessing = 0;
		};
		47DECF742493609A00EC00F8 /* Resources */ = {
			isa = PBXResourcesBuildPhase;
			buildActionMask = 2147483647;
			files = (
			);
			runOnlyForDeploymentPostprocessing = 0;
		};
/* End PBXResourcesBuildPhase section */

/* Begin PBXSourcesBuildPhase section */
		47DECF512493609800EC00F8 /* Sources */ = {
			isa = PBXSourcesBuildPhase;
			buildActionMask = 2147483647;
			files = (
				47DECF5D2493609800EC00F8 /* ViewController.swift in Sources */,
				47DECF592493609800EC00F8 /* AppDelegate.swift in Sources */,
				47DECF892493622200EC00F8 /* ListViewController.swift in Sources */,
				47DECF5B2493609800EC00F8 /* SceneDelegate.swift in Sources */,
				47DECF8B249364D300EC00F8 /* MovieVO.swift in Sources */,
			);
			runOnlyForDeploymentPostprocessing = 0;
		};
		47DECF672493609A00EC00F8 /* Sources */ = {
			isa = PBXSourcesBuildPhase;
			buildActionMask = 2147483647;
			files = (
				47DECF702493609A00EC00F8 /* Swift_Study_16Tests.swift in Sources */,
			);
			runOnlyForDeploymentPostprocessing = 0;
		};
		47DECF722493609A00EC00F8 /* Sources */ = {
			isa = PBXSourcesBuildPhase;
			buildActionMask = 2147483647;
			files = (
				47DECF7B2493609A00EC00F8 /* Swift_Study_16UITests.swift in Sources */,
			);
			runOnlyForDeploymentPostprocessing = 0;
		};
/* End PBXSourcesBuildPhase section */

/* Begin PBXTargetDependency section */
		47DECF6D2493609A00EC00F8 /* PBXTargetDependency */ = {
			isa = PBXTargetDependency;
			target = 47DECF542493609800EC00F8 /* Swift_Study_16 */;
			targetProxy = 47DECF6C2493609A00EC00F8 /* PBXContainerItemProxy */;
		};
		47DECF782493609A00EC00F8 /* PBXTargetDependency */ = {
			isa = PBXTargetDependency;
			target = 47DECF542493609800EC00F8 /* Swift_Study_16 */;
			targetProxy = 47DECF772493609A00EC00F8 /* PBXContainerItemProxy */;
		};
/* End PBXTargetDependency section */

/* Begin PBXVariantGroup section */
		47DECF5E2493609800EC00F8 /* Main.storyboard */ = {
			isa = PBXVariantGroup;
			children = (
				47DECF5F2493609800EC00F8 /* Base */,
			);
			name = Main.storyboard;
			sourceTree = "<group>";
		};
		47DECF632493609A00EC00F8 /* LaunchScreen.storyboard */ = {
			isa = PBXVariantGroup;
			children = (
				47DECF642493609A00EC00F8 /* Base */,
			);
			name = LaunchScreen.storyboard;
			sourceTree = "<group>";
		};
/* End PBXVariantGroup section */

/* Begin XCBuildConfiguration section */
		47DECF7D2493609A00EC00F8 /* Debug */ = {
			isa = XCBuildConfiguration;
			buildSettings = {
				ALWAYS_SEARCH_USER_PATHS = NO;
				CLANG_ANALYZER_NONNULL = YES;
				CLANG_ANALYZER_NUMBER_OBJECT_CONVERSION = YES_AGGRESSIVE;
				CLANG_CXX_LANGUAGE_STANDARD = "gnu++14";
				CLANG_CXX_LIBRARY = "libc++";
				CLANG_ENABLE_MODULES = YES;
				CLANG_ENABLE_OBJC_ARC = YES;
				CLANG_ENABLE_OBJC_WEAK = YES;
				CLANG_WARN_BLOCK_CAPTURE_AUTORELEASING = YES;
				CLANG_WARN_BOOL_CONVERSION = YES;
				CLANG_WARN_COMMA = YES;
				CLANG_WARN_CONSTANT_CONVERSION = YES;
				CLANG_WARN_DEPRECATED_OBJC_IMPLEMENTATIONS = YES;
				CLANG_WARN_DIRECT_OBJC_ISA_USAGE = YES_ERROR;
				CLANG_WARN_DOCUMENTATION_COMMENTS = YES;
				CLANG_WARN_EMPTY_BODY = YES;
				CLANG_WARN_ENUM_CONVERSION = YES;
				CLANG_WARN_INFINITE_RECURSION = YES;
				CLANG_WARN_INT_CONVERSION = YES;
				CLANG_WARN_NON_LITERAL_NULL_CONVERSION = YES;
				CLANG_WARN_OBJC_IMPLICIT_RETAIN_SELF = YES;
				CLANG_WARN_OBJC_LITERAL_CONVERSION = YES;
				CLANG_WARN_OBJC_ROOT_CLASS = YES_ERROR;
				CLANG_WARN_RANGE_LOOP_ANALYSIS = YES;
				CLANG_WARN_STRICT_PROTOTYPES = YES;
				CLANG_WARN_SUSPICIOUS_MOVE = YES;
				CLANG_WARN_UNGUARDED_AVAILABILITY = YES_AGGRESSIVE;
				CLANG_WARN_UNREACHABLE_CODE = YES;
				CLANG_WARN__DUPLICATE_METHOD_MATCH = YES;
				COPY_PHASE_STRIP = NO;
				DEBUG_INFORMATION_FORMAT = dwarf;
				ENABLE_STRICT_OBJC_MSGSEND = YES;
				ENABLE_TESTABILITY = YES;
				GCC_C_LANGUAGE_STANDARD = gnu11;
				GCC_DYNAMIC_NO_PIC = NO;
				GCC_NO_COMMON_BLOCKS = YES;
				GCC_OPTIMIZATION_LEVEL = 0;
				GCC_PREPROCESSOR_DEFINITIONS = (
					"DEBUG=1",
					"$(inherited)",
				);
				GCC_WARN_64_TO_32_BIT_CONVERSION = YES;
				GCC_WARN_ABOUT_RETURN_TYPE = YES_ERROR;
				GCC_WARN_UNDECLARED_SELECTOR = YES;
				GCC_WARN_UNINITIALIZED_AUTOS = YES_AGGRESSIVE;
				GCC_WARN_UNUSED_FUNCTION = YES;
				GCC_WARN_UNUSED_VARIABLE = YES;
				IPHONEOS_DEPLOYMENT_TARGET = 13.5;
				MTL_ENABLE_DEBUG_INFO = INCLUDE_SOURCE;
				MTL_FAST_MATH = YES;
				ONLY_ACTIVE_ARCH = YES;
				SDKROOT = iphoneos;
				SWIFT_ACTIVE_COMPILATION_CONDITIONS = DEBUG;
				SWIFT_OPTIMIZATION_LEVEL = "-Onone";
			};
			name = Debug;
		};
		47DECF7E2493609A00EC00F8 /* Release */ = {
			isa = XCBuildConfiguration;
			buildSettings = {
				ALWAYS_SEARCH_USER_PATHS = NO;
				CLANG_ANALYZER_NONNULL = YES;
				CLANG_ANALYZER_NUMBER_OBJECT_CONVERSION = YES_AGGRESSIVE;
				CLANG_CXX_LANGUAGE_STANDARD = "gnu++14";
				CLANG_CXX_LIBRARY = "libc++";
				CLANG_ENABLE_MODULES = YES;
				CLANG_ENABLE_OBJC_ARC = YES;
				CLANG_ENABLE_OBJC_WEAK = YES;
				CLANG_WARN_BLOCK_CAPTURE_AUTORELEASING = YES;
				CLANG_WARN_BOOL_CONVERSION = YES;
				CLANG_WARN_COMMA = YES;
				CLANG_WARN_CONSTANT_CONVERSION = YES;
				CLANG_WARN_DEPRECATED_OBJC_IMPLEMENTATIONS = YES;
				CLANG_WARN_DIRECT_OBJC_ISA_USAGE = YES_ERROR;
				CLANG_WARN_DOCUMENTATION_COMMENTS = YES;
				CLANG_WARN_EMPTY_BODY = YES;
				CLANG_WARN_ENUM_CONVERSION = YES;
				CLANG_WARN_INFINITE_RECURSION = YES;
				CLANG_WARN_INT_CONVERSION = YES;
				CLANG_WARN_NON_LITERAL_NULL_CONVERSION = YES;
				CLANG_WARN_OBJC_IMPLICIT_RETAIN_SELF = YES;
				CLANG_WARN_OBJC_LITERAL_CONVERSION = YES;
				CLANG_WARN_OBJC_ROOT_CLASS = YES_ERROR;
				CLANG_WARN_RANGE_LOOP_ANALYSIS = YES;
				CLANG_WARN_STRICT_PROTOTYPES = YES;
				CLANG_WARN_SUSPICIOUS_MOVE = YES;
				CLANG_WARN_UNGUARDED_AVAILABILITY = YES_AGGRESSIVE;
				CLANG_WARN_UNREACHABLE_CODE = YES;
				CLANG_WARN__DUPLICATE_METHOD_MATCH = YES;
				COPY_PHASE_STRIP = NO;
				DEBUG_INFORMATION_FORMAT = "dwarf-with-dsym";
				ENABLE_NS_ASSERTIONS = NO;
				ENABLE_STRICT_OBJC_MSGSEND = YES;
				GCC_C_LANGUAGE_STANDARD = gnu11;
				GCC_NO_COMMON_BLOCKS = YES;
				GCC_WARN_64_TO_32_BIT_CONVERSION = YES;
				GCC_WARN_ABOUT_RETURN_TYPE = YES_ERROR;
				GCC_WARN_UNDECLARED_SELECTOR = YES;
				GCC_WARN_UNINITIALIZED_AUTOS = YES_AGGRESSIVE;
				GCC_WARN_UNUSED_FUNCTION = YES;
				GCC_WARN_UNUSED_VARIABLE = YES;
				IPHONEOS_DEPLOYMENT_TARGET = 13.5;
				MTL_ENABLE_DEBUG_INFO = NO;
				MTL_FAST_MATH = YES;
				SDKROOT = iphoneos;
				SWIFT_COMPILATION_MODE = wholemodule;
				SWIFT_OPTIMIZATION_LEVEL = "-O";
				VALIDATE_PRODUCT = YES;
			};
			name = Release;
		};
		47DECF802493609A00EC00F8 /* Debug */ = {
			isa = XCBuildConfiguration;
			buildSettings = {
				ASSETCATALOG_COMPILER_APPICON_NAME = AppIcon;
				CODE_SIGN_STYLE = Automatic;
				DEVELOPMENT_TEAM = VSX6758FTG;
				INFOPLIST_FILE = Swift_Study_16/Info.plist;
				LD_RUNPATH_SEARCH_PATHS = (
					"$(inherited)",
					"@executable_path/Frameworks",
				);
				PRODUCT_BUNDLE_IDENTIFIER = "DohyunKim.Swift-Study-16";
				PRODUCT_NAME = "$(TARGET_NAME)";
				SWIFT_VERSION = 5.0;
				TARGETED_DEVICE_FAMILY = "1,2";
			};
			name = Debug;
		};
		47DECF812493609A00EC00F8 /* Release */ = {
			isa = XCBuildConfiguration;
			buildSettings = {
				ASSETCATALOG_COMPILER_APPICON_NAME = AppIcon;
				CODE_SIGN_STYLE = Automatic;
				DEVELOPMENT_TEAM = VSX6758FTG;
				INFOPLIST_FILE = Swift_Study_16/Info.plist;
				LD_RUNPATH_SEARCH_PATHS = (
					"$(inherited)",
					"@executable_path/Frameworks",
				);
				PRODUCT_BUNDLE_IDENTIFIER = "DohyunKim.Swift-Study-16";
				PRODUCT_NAME = "$(TARGET_NAME)";
				SWIFT_VERSION = 5.0;
				TARGETED_DEVICE_FAMILY = "1,2";
			};
			name = Release;
		};
		47DECF832493609A00EC00F8 /* Debug */ = {
			isa = XCBuildConfiguration;
			buildSettings = {
				ALWAYS_EMBED_SWIFT_STANDARD_LIBRARIES = YES;
				BUNDLE_LOADER = "$(TEST_HOST)";
				CODE_SIGN_STYLE = Automatic;
				DEVELOPMENT_TEAM = VSX6758FTG;
				INFOPLIST_FILE = Swift_Study_16Tests/Info.plist;
				IPHONEOS_DEPLOYMENT_TARGET = 13.5;
				LD_RUNPATH_SEARCH_PATHS = (
					"$(inherited)",
					"@executable_path/Frameworks",
					"@loader_path/Frameworks",
				);
				PRODUCT_BUNDLE_IDENTIFIER = "DohyunKim.Swift-Study-16Tests";
				PRODUCT_NAME = "$(TARGET_NAME)";
				SWIFT_VERSION = 5.0;
				TARGETED_DEVICE_FAMILY = "1,2";
				TEST_HOST = "$(BUILT_PRODUCTS_DIR)/Swift_Study_16.app/Swift_Study_16";
			};
			name = Debug;
		};
		47DECF842493609A00EC00F8 /* Release */ = {
			isa = XCBuildConfiguration;
			buildSettings = {
				ALWAYS_EMBED_SWIFT_STANDARD_LIBRARIES = YES;
				BUNDLE_LOADER = "$(TEST_HOST)";
				CODE_SIGN_STYLE = Automatic;
				DEVELOPMENT_TEAM = VSX6758FTG;
				INFOPLIST_FILE = Swift_Study_16Tests/Info.plist;
				IPHONEOS_DEPLOYMENT_TARGET = 13.5;
				LD_RUNPATH_SEARCH_PATHS = (
					"$(inherited)",
					"@executable_path/Frameworks",
					"@loader_path/Frameworks",
				);
				PRODUCT_BUNDLE_IDENTIFIER = "DohyunKim.Swift-Study-16Tests";
				PRODUCT_NAME = "$(TARGET_NAME)";
				SWIFT_VERSION = 5.0;
				TARGETED_DEVICE_FAMILY = "1,2";
				TEST_HOST = "$(BUILT_PRODUCTS_DIR)/Swift_Study_16.app/Swift_Study_16";
			};
			name = Release;
		};
		47DECF862493609A00EC00F8 /* Debug */ = {
			isa = XCBuildConfiguration;
			buildSettings = {
				ALWAYS_EMBED_SWIFT_STANDARD_LIBRARIES = YES;
				CODE_SIGN_STYLE = Automatic;
				DEVELOPMENT_TEAM = VSX6758FTG;
				INFOPLIST_FILE = Swift_Study_16UITests/Info.plist;
				LD_RUNPATH_SEARCH_PATHS = (
					"$(inherited)",
					"@executable_path/Frameworks",
					"@loader_path/Frameworks",
				);
				PRODUCT_BUNDLE_IDENTIFIER = "DohyunKim.Swift-Study-16UITests";
				PRODUCT_NAME = "$(TARGET_NAME)";
				SWIFT_VERSION = 5.0;
				TARGETED_DEVICE_FAMILY = "1,2";
				TEST_TARGET_NAME = Swift_Study_16;
			};
			name = Debug;
		};
		47DECF872493609A00EC00F8 /* Release */ = {
			isa = XCBuildConfiguration;
			buildSettings = {
				ALWAYS_EMBED_SWIFT_STANDARD_LIBRARIES = YES;
				CODE_SIGN_STYLE = Automatic;
				DEVELOPMENT_TEAM = VSX6758FTG;
				INFOPLIST_FILE = Swift_Study_16UITests/Info.plist;
				LD_RUNPATH_SEARCH_PATHS = (
					"$(inherited)",
					"@executable_path/Frameworks",
					"@loader_path/Frameworks",
				);
				PRODUCT_BUNDLE_IDENTIFIER = "DohyunKim.Swift-Study-16UITests";
				PRODUCT_NAME = "$(TARGET_NAME)";
				SWIFT_VERSION = 5.0;
				TARGETED_DEVICE_FAMILY = "1,2";
				TEST_TARGET_NAME = Swift_Study_16;
			};
			name = Release;
		};
/* End XCBuildConfiguration section */

/* Begin XCConfigurationList section */
		47DECF502493609800EC00F8 /* Build configuration list for PBXProject "Swift_Study_16" */ = {
			isa = XCConfigurationList;
			buildConfigurations = (
				47DECF7D2493609A00EC00F8 /* Debug */,
				47DECF7E2493609A00EC00F8 /* Release */,
			);
			defaultConfigurationIsVisible = 0;
			defaultConfigurationName = Release;
		};
		47DECF7F2493609A00EC00F8 /* Build configuration list for PBXNativeTarget "Swift_Study_16" */ = {
			isa = XCConfigurationList;
			buildConfigurations = (
				47DECF802493609A00EC00F8 /* Debug */,
				47DECF812493609A00EC00F8 /* Release */,
			);
			defaultConfigurationIsVisible = 0;
			defaultConfigurationName = Release;
		};
		47DECF822493609A00EC00F8 /* Build configuration list for PBXNativeTarget "Swift_Study_16Tests" */ = {
			isa = XCConfigurationList;
			buildConfigurations = (
				47DECF832493609A00EC00F8 /* Debug */,
				47DECF842493609A00EC00F8 /* Release */,
			);
			defaultConfigurationIsVisible = 0;
			defaultConfigurationName = Release;
		};
		47DECF852493609A00EC00F8 /* Build configuration list for PBXNativeTarget "Swift_Study_16UITests" */ = {
			isa = XCConfigurationList;
			buildConfigurations = (
				47DECF862493609A00EC00F8 /* Debug */,
				47DECF872493609A00EC00F8 /* Release */,
			);
			defaultConfigurationIsVisible = 0;
			defaultConfigurationName = Release;
		};
/* End XCConfigurationList section */
	};
	rootObject = 47DECF4D2493609800EC00F8 /* Project object */;
}
