// !$*UTF8*$!
{
	archiveVersion = 1;
	classes = {
	};
	objectVersion = 50;
	objects = {

/* Begin PBXBuildFile section */
		473D2B3B24890C5200667CB1 /* AppDelegate.swift in Sources */ = {isa = PBXBuildFile; fileRef = 473D2B3A24890C5200667CB1 /* AppDelegate.swift */; };
		473D2B3D24890C5200667CB1 /* SceneDelegate.swift in Sources */ = {isa = PBXBuildFile; fileRef = 473D2B3C24890C5200667CB1 /* SceneDelegate.swift */; };
		473D2B3F24890C5200667CB1 /* ViewController.swift in Sources */ = {isa = PBXBuildFile; fileRef = 473D2B3E24890C5200667CB1 /* ViewController.swift */; };
		473D2B4224890C5200667CB1 /* Main.storyboard in Resources */ = {isa = PBXBuildFile; fileRef = 473D2B4024890C5200667CB1 /* Main.storyboard */; };
		473D2B4424890C5400667CB1 /* Assets.xcassets in Resources */ = {isa = PBXBuildFile; fileRef = 473D2B4324890C5400667CB1 /* Assets.xcassets */; };
		473D2B4724890C5400667CB1 /* LaunchScreen.storyboard in Resources */ = {isa = PBXBuildFile; fileRef = 473D2B4524890C5400667CB1 /* LaunchScreen.storyboard */; };
		473D2B5224890C5400667CB1 /* Swift_Study_11Tests.swift in Sources */ = {isa = PBXBuildFile; fileRef = 473D2B5124890C5400667CB1 /* Swift_Study_11Tests.swift */; };
		473D2B5D24890C5400667CB1 /* Swift_Study_11UITests.swift in Sources */ = {isa = PBXBuildFile; fileRef = 473D2B5C24890C5400667CB1 /* Swift_Study_11UITests.swift */; };
		47DECE1F2489C37800EC00F8 /* FormViewController.swift in Sources */ = {isa = PBXBuildFile; fileRef = 47DECE1E2489C37800EC00F8 /* FormViewController.swift */; };
/* End PBXBuildFile section */

/* Begin PBXContainerItemProxy section */
		473D2B4E24890C5400667CB1 /* PBXContainerItemProxy */ = {
			isa = PBXContainerItemProxy;
			containerPortal = 473D2B2F24890C5200667CB1 /* Project object */;
			proxyType = 1;
			remoteGlobalIDString = 473D2B3624890C5200667CB1;
			remoteInfo = Swift_Study_11;
		};
		473D2B5924890C5400667CB1 /* PBXContainerItemProxy */ = {
			isa = PBXContainerItemProxy;
			containerPortal = 473D2B2F24890C5200667CB1 /* Project object */;
			proxyType = 1;
			remoteGlobalIDString = 473D2B3624890C5200667CB1;
			remoteInfo = Swift_Study_11;
		};
/* End PBXContainerItemProxy section */

/* Begin PBXFileReference section */
		473D2B3724890C5200667CB1 /* Swift_Study_11.app */ = {isa = PBXFileReference; explicitFileType = wrapper.application; includeInIndex = 0; path = Swift_Study_11.app; sourceTree = BUILT_PRODUCTS_DIR; };
		473D2B3A24890C5200667CB1 /* AppDelegate.swift */ = {isa = PBXFileReference; lastKnownFileType = sourcecode.swift; path = AppDelegate.swift; sourceTree = "<group>"; };
		473D2B3C24890C5200667CB1 /* SceneDelegate.swift */ = {isa = PBXFileReference; lastKnownFileType = sourcecode.swift; path = SceneDelegate.swift; sourceTree = "<group>"; };
		473D2B3E24890C5200667CB1 /* ViewController.swift */ = {isa = PBXFileReference; lastKnownFileType = sourcecode.swift; path = ViewController.swift; sourceTree = "<group>"; };
		473D2B4124890C5200667CB1 /* Base */ = {isa = PBXFileReference; lastKnownFileType = file.storyboard; name = Base; path = Base.lproj/Main.storyboard; sourceTree = "<group>"; };
		473D2B4324890C5400667CB1 /* Assets.xcassets */ = {isa = PBXFileReference; lastKnownFileType = folder.assetcatalog; path = Assets.xcassets; sourceTree = "<group>"; };
		473D2B4624890C5400667CB1 /* Base */ = {isa = PBXFileReference; lastKnownFileType = file.storyboard; name = Base; path = Base.lproj/LaunchScreen.storyboard; sourceTree = "<group>"; };
		473D2B4824890C5400667CB1 /* Info.plist */ = {isa = PBXFileReference; lastKnownFileType = text.plist.xml; path = Info.plist; sourceTree = "<group>"; };
		473D2B4D24890C5400667CB1 /* Swift_Study_11Tests.xctest */ = {isa = PBXFileReference; explicitFileType = wrapper.cfbundle; includeInIndex = 0; path = Swift_Study_11Tests.xctest; sourceTree = BUILT_PRODUCTS_DIR; };
		473D2B5124890C5400667CB1 /* Swift_Study_11Tests.swift */ = {isa = PBXFileReference; lastKnownFileType = sourcecode.swift; path = Swift_Study_11Tests.swift; sourceTree = "<group>"; };
		473D2B5324890C5400667CB1 /* Info.plist */ = {isa = PBXFileReference; lastKnownFileType = text.plist.xml; path = Info.plist; sourceTree = "<group>"; };
		473D2B5824890C5400667CB1 /* Swift_Study_11UITests.xctest */ = {isa = PBXFileReference; explicitFileType = wrapper.cfbundle; includeInIndex = 0; path = Swift_Study_11UITests.xctest; sourceTree = BUILT_PRODUCTS_DIR; };
		473D2B5C24890C5400667CB1 /* Swift_Study_11UITests.swift */ = {isa = PBXFileReference; lastKnownFileType = sourcecode.swift; path = Swift_Study_11UITests.swift; sourceTree = "<group>"; };
		473D2B5E24890C5400667CB1 /* Info.plist */ = {isa = PBXFileReference; lastKnownFileType = text.plist.xml; path = Info.plist; sourceTree = "<group>"; };
		47DECE1E2489C37800EC00F8 /* FormViewController.swift */ = {isa = PBXFileReference; lastKnownFileType = sourcecode.swift; path = FormViewController.swift; sourceTree = "<group>"; };
/* End PBXFileReference section */

/* Begin PBXFrameworksBuildPhase section */
		473D2B3424890C5200667CB1 /* Frameworks */ = {
			isa = PBXFrameworksBuildPhase;
			buildActionMask = 2147483647;
			files = (
			);
			runOnlyForDeploymentPostprocessing = 0;
		};
		473D2B4A24890C5400667CB1 /* Frameworks */ = {
			isa = PBXFrameworksBuildPhase;
			buildActionMask = 2147483647;
			files = (
			);
			runOnlyForDeploymentPostprocessing = 0;
		};
		473D2B5524890C5400667CB1 /* Frameworks */ = {
			isa = PBXFrameworksBuildPhase;
			buildActionMask = 2147483647;
			files = (
			);
			runOnlyForDeploymentPostprocessing = 0;
		};
/* End PBXFrameworksBuildPhase section */

/* Begin PBXGroup section */
		473D2B2E24890C5200667CB1 = {
			isa = PBXGroup;
			children = (
				473D2B3924890C5200667CB1 /* Swift_Study_11 */,
				473D2B5024890C5400667CB1 /* Swift_Study_11Tests */,
				473D2B5B24890C5400667CB1 /* Swift_Study_11UITests */,
				473D2B3824890C5200667CB1 /* Products */,
			);
			sourceTree = "<group>";
		};
		473D2B3824890C5200667CB1 /* Products */ = {
			isa = PBXGroup;
			children = (
				473D2B3724890C5200667CB1 /* Swift_Study_11.app */,
				473D2B4D24890C5400667CB1 /* Swift_Study_11Tests.xctest */,
				473D2B5824890C5400667CB1 /* Swift_Study_11UITests.xctest */,
			);
			name = Products;
			sourceTree = "<group>";
		};
		473D2B3924890C5200667CB1 /* Swift_Study_11 */ = {
			isa = PBXGroup;
			children = (
				473D2B3A24890C5200667CB1 /* AppDelegate.swift */,
				473D2B3C24890C5200667CB1 /* SceneDelegate.swift */,
				473D2B3E24890C5200667CB1 /* ViewController.swift */,
				473D2B4024890C5200667CB1 /* Main.storyboard */,
				47DECE1E2489C37800EC00F8 /* FormViewController.swift */,
				473D2B4324890C5400667CB1 /* Assets.xcassets */,
				473D2B4524890C5400667CB1 /* LaunchScreen.storyboard */,
				473D2B4824890C5400667CB1 /* Info.plist */,
			);
			path = Swift_Study_11;
			sourceTree = "<group>";
		};
		473D2B5024890C5400667CB1 /* Swift_Study_11Tests */ = {
			isa = PBXGroup;
			children = (
				473D2B5124890C5400667CB1 /* Swift_Study_11Tests.swift */,
				473D2B5324890C5400667CB1 /* Info.plist */,
			);
			path = Swift_Study_11Tests;
			sourceTree = "<group>";
		};
		473D2B5B24890C5400667CB1 /* Swift_Study_11UITests */ = {
			isa = PBXGroup;
			children = (
				473D2B5C24890C5400667CB1 /* Swift_Study_11UITests.swift */,
				473D2B5E24890C5400667CB1 /* Info.plist */,
			);
			path = Swift_Study_11UITests;
			sourceTree = "<group>";
		};
/* End PBXGroup section */

/* Begin PBXNativeTarget section */
		473D2B3624890C5200667CB1 /* Swift_Study_11 */ = {
			isa = PBXNativeTarget;
			buildConfigurationList = 473D2B6124890C5400667CB1 /* Build configuration list for PBXNativeTarget "Swift_Study_11" */;
			buildPhases = (
				473D2B3324890C5200667CB1 /* Sources */,
				473D2B3424890C5200667CB1 /* Frameworks */,
				473D2B3524890C5200667CB1 /* Resources */,
			);
			buildRules = (
			);
			dependencies = (
			);
			name = Swift_Study_11;
			productName = Swift_Study_11;
			productReference = 473D2B3724890C5200667CB1 /* Swift_Study_11.app */;
			productType = "com.apple.product-type.application";
		};
		473D2B4C24890C5400667CB1 /* Swift_Study_11Tests */ = {
			isa = PBXNativeTarget;
			buildConfigurationList = 473D2B6424890C5400667CB1 /* Build configuration list for PBXNativeTarget "Swift_Study_11Tests" */;
			buildPhases = (
				473D2B4924890C5400667CB1 /* Sources */,
				473D2B4A24890C5400667CB1 /* Frameworks */,
				473D2B4B24890C5400667CB1 /* Resources */,
			);
			buildRules = (
			);
			dependencies = (
				473D2B4F24890C5400667CB1 /* PBXTargetDependency */,
			);
			name = Swift_Study_11Tests;
			productName = Swift_Study_11Tests;
			productReference = 473D2B4D24890C5400667CB1 /* Swift_Study_11Tests.xctest */;
			productType = "com.apple.product-type.bundle.unit-test";
		};
		473D2B5724890C5400667CB1 /* Swift_Study_11UITests */ = {
			isa = PBXNativeTarget;
			buildConfigurationList = 473D2B6724890C5400667CB1 /* Build configuration list for PBXNativeTarget "Swift_Study_11UITests" */;
			buildPhases = (
				473D2B5424890C5400667CB1 /* Sources */,
				473D2B5524890C5400667CB1 /* Frameworks */,
				473D2B5624890C5400667CB1 /* Resources */,
			);
			buildRules = (
			);
			dependencies = (
				473D2B5A24890C5400667CB1 /* PBXTargetDependency */,
			);
			name = Swift_Study_11UITests;
			productName = Swift_Study_11UITests;
			productReference = 473D2B5824890C5400667CB1 /* Swift_Study_11UITests.xctest */;
			productType = "com.apple.product-type.bundle.ui-testing";
		};
/* End PBXNativeTarget section */

/* Begin PBXProject section */
		473D2B2F24890C5200667CB1 /* Project object */ = {
			isa = PBXProject;
			attributes = {
				LastSwiftUpdateCheck = 1130;
				LastUpgradeCheck = 1130;
				ORGANIZATIONNAME = DohyunKim;
				TargetAttributes = {
					473D2B3624890C5200667CB1 = {
						CreatedOnToolsVersion = 11.3;
					};
					473D2B4C24890C5400667CB1 = {
						CreatedOnToolsVersion = 11.3;
						TestTargetID = 473D2B3624890C5200667CB1;
					};
					473D2B5724890C5400667CB1 = {
						CreatedOnToolsVersion = 11.3;
						TestTargetID = 473D2B3624890C5200667CB1;
					};
				};
			};
			buildConfigurationList = 473D2B3224890C5200667CB1 /* Build configuration list for PBXProject "Swift_Study_11" */;
			compatibilityVersion = "Xcode 9.3";
			developmentRegion = en;
			hasScannedForEncodings = 0;
			knownRegions = (
				en,
				Base,
			);
			mainGroup = 473D2B2E24890C5200667CB1;
			productRefGroup = 473D2B3824890C5200667CB1 /* Products */;
			projectDirPath = "";
			projectRoot = "";
			targets = (
				473D2B3624890C5200667CB1 /* Swift_Study_11 */,
				473D2B4C24890C5400667CB1 /* Swift_Study_11Tests */,
				473D2B5724890C5400667CB1 /* Swift_Study_11UITests */,
			);
		};
/* End PBXProject section */

/* Begin PBXResourcesBuildPhase section */
		473D2B3524890C5200667CB1 /* Resources */ = {
			isa = PBXResourcesBuildPhase;
			buildActionMask = 2147483647;
			files = (
				473D2B4724890C5400667CB1 /* LaunchScreen.storyboard in Resources */,
				473D2B4424890C5400667CB1 /* Assets.xcassets in Resources */,
				473D2B4224890C5200667CB1 /* Main.storyboard in Resources */,
			);
			runOnlyForDeploymentPostprocessing = 0;
		};
		473D2B4B24890C5400667CB1 /* Resources */ = {
			isa = PBXResourcesBuildPhase;
			buildActionMask = 2147483647;
			files = (
			);
			runOnlyForDeploymentPostprocessing = 0;
		};
		473D2B5624890C5400667CB1 /* Resources */ = {
			isa = PBXResourcesBuildPhase;
			buildActionMask = 2147483647;
			files = (
			);
			runOnlyForDeploymentPostprocessing = 0;
		};
/* End PBXResourcesBuildPhase section */

/* Begin PBXSourcesBuildPhase section */
		473D2B3324890C5200667CB1 /* Sources */ = {
			isa = PBXSourcesBuildPhase;
			buildActionMask = 2147483647;
			files = (
				473D2B3F24890C5200667CB1 /* ViewController.swift in Sources */,
				473D2B3B24890C5200667CB1 /* AppDelegate.swift in Sources */,
				47DECE1F2489C37800EC00F8 /* FormViewController.swift in Sources */,
				473D2B3D24890C5200667CB1 /* SceneDelegate.swift in Sources */,
			);
			runOnlyForDeploymentPostprocessing = 0;
		};
		473D2B4924890C5400667CB1 /* Sources */ = {
			isa = PBXSourcesBuildPhase;
			buildActionMask = 2147483647;
			files = (
				473D2B5224890C5400667CB1 /* Swift_Study_11Tests.swift in Sources */,
			);
			runOnlyForDeploymentPostprocessing = 0;
		};
		473D2B5424890C5400667CB1 /* Sources */ = {
			isa = PBXSourcesBuildPhase;
			buildActionMask = 2147483647;
			files = (
				473D2B5D24890C5400667CB1 /* Swift_Study_11UITests.swift in Sources */,
			);
			runOnlyForDeploymentPostprocessing = 0;
		};
/* End PBXSourcesBuildPhase section */

/* Begin PBXTargetDependency section */
		473D2B4F24890C5400667CB1 /* PBXTargetDependency */ = {
			isa = PBXTargetDependency;
			target = 473D2B3624890C5200667CB1 /* Swift_Study_11 */;
			targetProxy = 473D2B4E24890C5400667CB1 /* PBXContainerItemProxy */;
		};
		473D2B5A24890C5400667CB1 /* PBXTargetDependency */ = {
			isa = PBXTargetDependency;
			target = 473D2B3624890C5200667CB1 /* Swift_Study_11 */;
			targetProxy = 473D2B5924890C5400667CB1 /* PBXContainerItemProxy */;
		};
/* End PBXTargetDependency section */

/* Begin PBXVariantGroup section */
		473D2B4024890C5200667CB1 /* Main.storyboard */ = {
			isa = PBXVariantGroup;
			children = (
				473D2B4124890C5200667CB1 /* Base */,
			);
			name = Main.storyboard;
			sourceTree = "<group>";
		};
		473D2B4524890C5400667CB1 /* LaunchScreen.storyboard */ = {
			isa = PBXVariantGroup;
			children = (
				473D2B4624890C5400667CB1 /* Base */,
			);
			name = LaunchScreen.storyboard;
			sourceTree = "<group>";
		};
/* End PBXVariantGroup section */

/* Begin XCBuildConfiguration section */
		473D2B5F24890C5400667CB1 /* Debug */ = {
			isa = XCBuildConfiguration;
			buildSettings = {
				ALWAYS_SEARCH_USER_PATHS = NO;
				CLANG_ANALYZER_NONNULL = YES;
				CLANG_ANALYZER_NUMBER_OBJECT_CONVERSION = YES_AGGRESSIVE;
				CLANG_CXX_LANGUAGE_STANDARD = "gnu++14";
				CLANG_CXX_LIBRARY = "libc++";
				CLANG_ENABLE_MODULES = YES;
				CLANG_ENABLE_OBJC_ARC = YES;
				CLANG_ENABLE_OBJC_WEAK = YES;
				CLANG_WARN_BLOCK_CAPTURE_AUTORELEASING = YES;
				CLANG_WARN_BOOL_CONVERSION = YES;
				CLANG_WARN_COMMA = YES;
				CLANG_WARN_CONSTANT_CONVERSION = YES;
				CLANG_WARN_DEPRECATED_OBJC_IMPLEMENTATIONS = YES;
				CLANG_WARN_DIRECT_OBJC_ISA_USAGE = YES_ERROR;
				CLANG_WARN_DOCUMENTATION_COMMENTS = YES;
				CLANG_WARN_EMPTY_BODY = YES;
				CLANG_WARN_ENUM_CONVERSION = YES;
				CLANG_WARN_INFINITE_RECURSION = YES;
				CLANG_WARN_INT_CONVERSION = YES;
				CLANG_WARN_NON_LITERAL_NULL_CONVERSION = YES;
				CLANG_WARN_OBJC_IMPLICIT_RETAIN_SELF = YES;
				CLANG_WARN_OBJC_LITERAL_CONVERSION = YES;
				CLANG_WARN_OBJC_ROOT_CLASS = YES_ERROR;
				CLANG_WARN_RANGE_LOOP_ANALYSIS = YES;
				CLANG_WARN_STRICT_PROTOTYPES = YES;
				CLANG_WARN_SUSPICIOUS_MOVE = YES;
				CLANG_WARN_UNGUARDED_AVAILABILITY = YES_AGGRESSIVE;
				CLANG_WARN_UNREACHABLE_CODE = YES;
				CLANG_WARN__DUPLICATE_METHOD_MATCH = YES;
				COPY_PHASE_STRIP = NO;
				DEBUG_INFORMATION_FORMAT = dwarf;
				ENABLE_STRICT_OBJC_MSGSEND = YES;
				ENABLE_TESTABILITY = YES;
				GCC_C_LANGUAGE_STANDARD = gnu11;
				GCC_DYNAMIC_NO_PIC = NO;
				GCC_NO_COMMON_BLOCKS = YES;
				GCC_OPTIMIZATION_LEVEL = 0;
				GCC_PREPROCESSOR_DEFINITIONS = (
					"DEBUG=1",
					"$(inherited)",
				);
				GCC_WARN_64_TO_32_BIT_CONVERSION = YES;
				GCC_WARN_ABOUT_RETURN_TYPE = YES_ERROR;
				GCC_WARN_UNDECLARED_SELECTOR = YES;
				GCC_WARN_UNINITIALIZED_AUTOS = YES_AGGRESSIVE;
				GCC_WARN_UNUSED_FUNCTION = YES;
				GCC_WARN_UNUSED_VARIABLE = YES;
				IPHONEOS_DEPLOYMENT_TARGET = 13.2;
				MTL_ENABLE_DEBUG_INFO = INCLUDE_SOURCE;
				MTL_FAST_MATH = YES;
				ONLY_ACTIVE_ARCH = YES;
				SDKROOT = iphoneos;
				SWIFT_ACTIVE_COMPILATION_CONDITIONS = DEBUG;
				SWIFT_OPTIMIZATION_LEVEL = "-Onone";
			};
			name = Debug;
		};
		473D2B6024890C5400667CB1 /* Release */ = {
			isa = XCBuildConfiguration;
			buildSettings = {
				ALWAYS_SEARCH_USER_PATHS = NO;
				CLANG_ANALYZER_NONNULL = YES;
				CLANG_ANALYZER_NUMBER_OBJECT_CONVERSION = YES_AGGRESSIVE;
				CLANG_CXX_LANGUAGE_STANDARD = "gnu++14";
				CLANG_CXX_LIBRARY = "libc++";
				CLANG_ENABLE_MODULES = YES;
				CLANG_ENABLE_OBJC_ARC = YES;
				CLANG_ENABLE_OBJC_WEAK = YES;
				CLANG_WARN_BLOCK_CAPTURE_AUTORELEASING = YES;
				CLANG_WARN_BOOL_CONVERSION = YES;
				CLANG_WARN_COMMA = YES;
				CLANG_WARN_CONSTANT_CONVERSION = YES;
				CLANG_WARN_DEPRECATED_OBJC_IMPLEMENTATIONS = YES;
				CLANG_WARN_DIRECT_OBJC_ISA_USAGE = YES_ERROR;
				CLANG_WARN_DOCUMENTATION_COMMENTS = YES;
				CLANG_WARN_EMPTY_BODY = YES;
				CLANG_WARN_ENUM_CONVERSION = YES;
				CLANG_WARN_INFINITE_RECURSION = YES;
				CLANG_WARN_INT_CONVERSION = YES;
				CLANG_WARN_NON_LITERAL_NULL_CONVERSION = YES;
				CLANG_WARN_OBJC_IMPLICIT_RETAIN_SELF = YES;
				CLANG_WARN_OBJC_LITERAL_CONVERSION = YES;
				CLANG_WARN_OBJC_ROOT_CLASS = YES_ERROR;
				CLANG_WARN_RANGE_LOOP_ANALYSIS = YES;
				CLANG_WARN_STRICT_PROTOTYPES = YES;
				CLANG_WARN_SUSPICIOUS_MOVE = YES;
				CLANG_WARN_UNGUARDED_AVAILABILITY = YES_AGGRESSIVE;
				CLANG_WARN_UNREACHABLE_CODE = YES;
				CLANG_WARN__DUPLICATE_METHOD_MATCH = YES;
				COPY_PHASE_STRIP = NO;
				DEBUG_INFORMATION_FORMAT = "dwarf-with-dsym";
				ENABLE_NS_ASSERTIONS = NO;
				ENABLE_STRICT_OBJC_MSGSEND = YES;
				GCC_C_LANGUAGE_STANDARD = gnu11;
				GCC_NO_COMMON_BLOCKS = YES;
				GCC_WARN_64_TO_32_BIT_CONVERSION = YES;
				GCC_WARN_ABOUT_RETURN_TYPE = YES_ERROR;
				GCC_WARN_UNDECLARED_SELECTOR = YES;
				GCC_WARN_UNINITIALIZED_AUTOS = YES_AGGRESSIVE;
				GCC_WARN_UNUSED_FUNCTION = YES;
				GCC_WARN_UNUSED_VARIABLE = YES;
				IPHONEOS_DEPLOYMENT_TARGET = 13.2;
				MTL_ENABLE_DEBUG_INFO = NO;
				MTL_FAST_MATH = YES;
				SDKROOT = iphoneos;
				SWIFT_COMPILATION_MODE = wholemodule;
				SWIFT_OPTIMIZATION_LEVEL = "-O";
				VALIDATE_PRODUCT = YES;
			};
			name = Release;
		};
		473D2B6224890C5400667CB1 /* Debug */ = {
			isa = XCBuildConfiguration;
			buildSettings = {
				ASSETCATALOG_COMPILER_APPICON_NAME = AppIcon;
				CODE_SIGN_STYLE = Automatic;
				DEVELOPMENT_TEAM = VSX6758FTG;
				INFOPLIST_FILE = Swift_Study_11/Info.plist;
				LD_RUNPATH_SEARCH_PATHS = (
					"$(inherited)",
					"@executable_path/Frameworks",
				);
				PRODUCT_BUNDLE_IDENTIFIER = "DohyunKim.Swift-Study-11";
				PRODUCT_NAME = "$(TARGET_NAME)";
				SWIFT_VERSION = 5.0;
				TARGETED_DEVICE_FAMILY = "1,2";
			};
			name = Debug;
		};
		473D2B6324890C5400667CB1 /* Release */ = {
			isa = XCBuildConfiguration;
			buildSettings = {
				ASSETCATALOG_COMPILER_APPICON_NAME = AppIcon;
				CODE_SIGN_STYLE = Automatic;
				DEVELOPMENT_TEAM = VSX6758FTG;
				INFOPLIST_FILE = Swift_Study_11/Info.plist;
				LD_RUNPATH_SEARCH_PATHS = (
					"$(inherited)",
					"@executable_path/Frameworks",
				);
				PRODUCT_BUNDLE_IDENTIFIER = "DohyunKim.Swift-Study-11";
				PRODUCT_NAME = "$(TARGET_NAME)";
				SWIFT_VERSION = 5.0;
				TARGETED_DEVICE_FAMILY = "1,2";
			};
			name = Release;
		};
		473D2B6524890C5400667CB1 /* Debug */ = {
			isa = XCBuildConfiguration;
			buildSettings = {
				ALWAYS_EMBED_SWIFT_STANDARD_LIBRARIES = YES;
				BUNDLE_LOADER = "$(TEST_HOST)";
				CODE_SIGN_STYLE = Automatic;
				DEVELOPMENT_TEAM = VSX6758FTG;
				INFOPLIST_FILE = Swift_Study_11Tests/Info.plist;
				IPHONEOS_DEPLOYMENT_TARGET = 13.2;
				LD_RUNPATH_SEARCH_PATHS = (
					"$(inherited)",
					"@executable_path/Frameworks",
					"@loader_path/Frameworks",
				);
				PRODUCT_BUNDLE_IDENTIFIER = "DohyunKim.Swift-Study-11Tests";
				PRODUCT_NAME = "$(TARGET_NAME)";
				SWIFT_VERSION = 5.0;
				TARGETED_DEVICE_FAMILY = "1,2";
				TEST_HOST = "$(BUILT_PRODUCTS_DIR)/Swift_Study_11.app/Swift_Study_11";
			};
			name = Debug;
		};
		473D2B6624890C5400667CB1 /* Release */ = {
			isa = XCBuildConfiguration;
			buildSettings = {
				ALWAYS_EMBED_SWIFT_STANDARD_LIBRARIES = YES;
				BUNDLE_LOADER = "$(TEST_HOST)";
				CODE_SIGN_STYLE = Automatic;
				DEVELOPMENT_TEAM = VSX6758FTG;
				INFOPLIST_FILE = Swift_Study_11Tests/Info.plist;
				IPHONEOS_DEPLOYMENT_TARGET = 13.2;
				LD_RUNPATH_SEARCH_PATHS = (
					"$(inherited)",
					"@executable_path/Frameworks",
					"@loader_path/Frameworks",
				);
				PRODUCT_BUNDLE_IDENTIFIER = "DohyunKim.Swift-Study-11Tests";
				PRODUCT_NAME = "$(TARGET_NAME)";
				SWIFT_VERSION = 5.0;
				TARGETED_DEVICE_FAMILY = "1,2";
				TEST_HOST = "$(BUILT_PRODUCTS_DIR)/Swift_Study_11.app/Swift_Study_11";
			};
			name = Release;
		};
		473D2B6824890C5400667CB1 /* Debug */ = {
			isa = XCBuildConfiguration;
			buildSettings = {
				ALWAYS_EMBED_SWIFT_STANDARD_LIBRARIES = YES;
				CODE_SIGN_STYLE = Automatic;
				DEVELOPMENT_TEAM = VSX6758FTG;
				INFOPLIST_FILE = Swift_Study_11UITests/Info.plist;
				LD_RUNPATH_SEARCH_PATHS = (
					"$(inherited)",
					"@executable_path/Frameworks",
					"@loader_path/Frameworks",
				);
				PRODUCT_BUNDLE_IDENTIFIER = "DohyunKim.Swift-Study-11UITests";
				PRODUCT_NAME = "$(TARGET_NAME)";
				SWIFT_VERSION = 5.0;
				TARGETED_DEVICE_FAMILY = "1,2";
				TEST_TARGET_NAME = Swift_Study_11;
			};
			name = Debug;
		};
		473D2B6924890C5400667CB1 /* Release */ = {
			isa = XCBuildConfiguration;
			buildSettings = {
				ALWAYS_EMBED_SWIFT_STANDARD_LIBRARIES = YES;
				CODE_SIGN_STYLE = Automatic;
				DEVELOPMENT_TEAM = VSX6758FTG;
				INFOPLIST_FILE = Swift_Study_11UITests/Info.plist;
				LD_RUNPATH_SEARCH_PATHS = (
					"$(inherited)",
					"@executable_path/Frameworks",
					"@loader_path/Frameworks",
				);
				PRODUCT_BUNDLE_IDENTIFIER = "DohyunKim.Swift-Study-11UITests";
				PRODUCT_NAME = "$(TARGET_NAME)";
				SWIFT_VERSION = 5.0;
				TARGETED_DEVICE_FAMILY = "1,2";
				TEST_TARGET_NAME = Swift_Study_11;
			};
			name = Release;
		};
/* End XCBuildConfiguration section */

/* Begin XCConfigurationList section */
		473D2B3224890C5200667CB1 /* Build configuration list for PBXProject "Swift_Study_11" */ = {
			isa = XCConfigurationList;
			buildConfigurations = (
				473D2B5F24890C5400667CB1 /* Debug */,
				473D2B6024890C5400667CB1 /* Release */,
			);
			defaultConfigurationIsVisible = 0;
			defaultConfigurationName = Release;
		};
		473D2B6124890C5400667CB1 /* Build configuration list for PBXNativeTarget "Swift_Study_11" */ = {
			isa = XCConfigurationList;
			buildConfigurations = (
				473D2B6224890C5400667CB1 /* Debug */,
				473D2B6324890C5400667CB1 /* Release */,
			);
			defaultConfigurationIsVisible = 0;
			defaultConfigurationName = Release;
		};
		473D2B6424890C5400667CB1 /* Build configuration list for PBXNativeTarget "Swift_Study_11Tests" */ = {
			isa = XCConfigurationList;
			buildConfigurations = (
				473D2B6524890C5400667CB1 /* Debug */,
				473D2B6624890C5400667CB1 /* Release */,
			);
			defaultConfigurationIsVisible = 0;
			defaultConfigurationName = Release;
		};
		473D2B6724890C5400667CB1 /* Build configuration list for PBXNativeTarget "Swift_Study_11UITests" */ = {
			isa = XCConfigurationList;
			buildConfigurations = (
				473D2B6824890C5400667CB1 /* Debug */,
				473D2B6924890C5400667CB1 /* Release */,
			);
			defaultConfigurationIsVisible = 0;
			defaultConfigurationName = Release;
		};
/* End XCConfigurationList section */
	};
	rootObject = 473D2B2F24890C5200667CB1 /* Project object */;
}
