// !$*UTF8*$!
{
	archiveVersion = 1;
	classes = {
	};
	objectVersion = 50;
	objects = {

/* Begin PBXBuildFile section */
		473A663E234F1E4F0018C1E7 /* AppDelegate.swift in Sources */ = {isa = PBXBuildFile; fileRef = 473A663D234F1E4F0018C1E7 /* AppDelegate.swift */; };
		473A6640234F1E4F0018C1E7 /* SceneDelegate.swift in Sources */ = {isa = PBXBuildFile; fileRef = 473A663F234F1E4F0018C1E7 /* SceneDelegate.swift */; };
		473A6642234F1E4F0018C1E7 /* ViewController.swift in Sources */ = {isa = PBXBuildFile; fileRef = 473A6641234F1E4F0018C1E7 /* ViewController.swift */; };
		473A6645234F1E4F0018C1E7 /* Main.storyboard in Resources */ = {isa = PBXBuildFile; fileRef = 473A6643234F1E4F0018C1E7 /* Main.storyboard */; };
		473A6647234F1E500018C1E7 /* Assets.xcassets in Resources */ = {isa = PBXBuildFile; fileRef = 473A6646234F1E500018C1E7 /* Assets.xcassets */; };
		473A664A234F1E500018C1E7 /* LaunchScreen.storyboard in Resources */ = {isa = PBXBuildFile; fileRef = 473A6648234F1E500018C1E7 /* LaunchScreen.storyboard */; };
		473A6655234F1E500018C1E7 /* Swift_Study_05Tests.swift in Sources */ = {isa = PBXBuildFile; fileRef = 473A6654234F1E500018C1E7 /* Swift_Study_05Tests.swift */; };
		473A6660234F1E500018C1E7 /* Swift_Study_05UITests.swift in Sources */ = {isa = PBXBuildFile; fileRef = 473A665F234F1E500018C1E7 /* Swift_Study_05UITests.swift */; };
/* End PBXBuildFile section */

/* Begin PBXContainerItemProxy section */
		473A6651234F1E500018C1E7 /* PBXContainerItemProxy */ = {
			isa = PBXContainerItemProxy;
			containerPortal = 473A6632234F1E4F0018C1E7 /* Project object */;
			proxyType = 1;
			remoteGlobalIDString = 473A6639234F1E4F0018C1E7;
			remoteInfo = Swift_Study_05;
		};
		473A665C234F1E500018C1E7 /* PBXContainerItemProxy */ = {
			isa = PBXContainerItemProxy;
			containerPortal = 473A6632234F1E4F0018C1E7 /* Project object */;
			proxyType = 1;
			remoteGlobalIDString = 473A6639234F1E4F0018C1E7;
			remoteInfo = Swift_Study_05;
		};
/* End PBXContainerItemProxy section */

/* Begin PBXFileReference section */
		473A663A234F1E4F0018C1E7 /* Swift_Study_05.app */ = {isa = PBXFileReference; explicitFileType = wrapper.application; includeInIndex = 0; path = Swift_Study_05.app; sourceTree = BUILT_PRODUCTS_DIR; };
		473A663D234F1E4F0018C1E7 /* AppDelegate.swift */ = {isa = PBXFileReference; lastKnownFileType = sourcecode.swift; path = AppDelegate.swift; sourceTree = "<group>"; };
		473A663F234F1E4F0018C1E7 /* SceneDelegate.swift */ = {isa = PBXFileReference; lastKnownFileType = sourcecode.swift; path = SceneDelegate.swift; sourceTree = "<group>"; };
		473A6641234F1E4F0018C1E7 /* ViewController.swift */ = {isa = PBXFileReference; lastKnownFileType = sourcecode.swift; path = ViewController.swift; sourceTree = "<group>"; };
		473A6644234F1E4F0018C1E7 /* Base */ = {isa = PBXFileReference; lastKnownFileType = file.storyboard; name = Base; path = Base.lproj/Main.storyboard; sourceTree = "<group>"; };
		473A6646234F1E500018C1E7 /* Assets.xcassets */ = {isa = PBXFileReference; lastKnownFileType = folder.assetcatalog; path = Assets.xcassets; sourceTree = "<group>"; };
		473A6649234F1E500018C1E7 /* Base */ = {isa = PBXFileReference; lastKnownFileType = file.storyboard; name = Base; path = Base.lproj/LaunchScreen.storyboard; sourceTree = "<group>"; };
		473A664B234F1E500018C1E7 /* Info.plist */ = {isa = PBXFileReference; lastKnownFileType = text.plist.xml; path = Info.plist; sourceTree = "<group>"; };
		473A6650234F1E500018C1E7 /* Swift_Study_05Tests.xctest */ = {isa = PBXFileReference; explicitFileType = wrapper.cfbundle; includeInIndex = 0; path = Swift_Study_05Tests.xctest; sourceTree = BUILT_PRODUCTS_DIR; };
		473A6654234F1E500018C1E7 /* Swift_Study_05Tests.swift */ = {isa = PBXFileReference; lastKnownFileType = sourcecode.swift; path = Swift_Study_05Tests.swift; sourceTree = "<group>"; };
		473A6656234F1E500018C1E7 /* Info.plist */ = {isa = PBXFileReference; lastKnownFileType = text.plist.xml; path = Info.plist; sourceTree = "<group>"; };
		473A665B234F1E500018C1E7 /* Swift_Study_05UITests.xctest */ = {isa = PBXFileReference; explicitFileType = wrapper.cfbundle; includeInIndex = 0; path = Swift_Study_05UITests.xctest; sourceTree = BUILT_PRODUCTS_DIR; };
		473A665F234F1E500018C1E7 /* Swift_Study_05UITests.swift */ = {isa = PBXFileReference; lastKnownFileType = sourcecode.swift; path = Swift_Study_05UITests.swift; sourceTree = "<group>"; };
		473A6661234F1E500018C1E7 /* Info.plist */ = {isa = PBXFileReference; lastKnownFileType = text.plist.xml; path = Info.plist; sourceTree = "<group>"; };
/* End PBXFileReference section */

/* Begin PBXFrameworksBuildPhase section */
		473A6637234F1E4F0018C1E7 /* Frameworks */ = {
			isa = PBXFrameworksBuildPhase;
			buildActionMask = 2147483647;
			files = (
			);
			runOnlyForDeploymentPostprocessing = 0;
		};
		473A664D234F1E500018C1E7 /* Frameworks */ = {
			isa = PBXFrameworksBuildPhase;
			buildActionMask = 2147483647;
			files = (
			);
			runOnlyForDeploymentPostprocessing = 0;
		};
		473A6658234F1E500018C1E7 /* Frameworks */ = {
			isa = PBXFrameworksBuildPhase;
			buildActionMask = 2147483647;
			files = (
			);
			runOnlyForDeploymentPostprocessing = 0;
		};
/* End PBXFrameworksBuildPhase section */

/* Begin PBXGroup section */
		473A6631234F1E4F0018C1E7 = {
			isa = PBXGroup;
			children = (
				473A663C234F1E4F0018C1E7 /* Swift_Study_05 */,
				473A6653234F1E500018C1E7 /* Swift_Study_05Tests */,
				473A665E234F1E500018C1E7 /* Swift_Study_05UITests */,
				473A663B234F1E4F0018C1E7 /* Products */,
			);
			sourceTree = "<group>";
		};
		473A663B234F1E4F0018C1E7 /* Products */ = {
			isa = PBXGroup;
			children = (
				473A663A234F1E4F0018C1E7 /* Swift_Study_05.app */,
				473A6650234F1E500018C1E7 /* Swift_Study_05Tests.xctest */,
				473A665B234F1E500018C1E7 /* Swift_Study_05UITests.xctest */,
			);
			name = Products;
			sourceTree = "<group>";
		};
		473A663C234F1E4F0018C1E7 /* Swift_Study_05 */ = {
			isa = PBXGroup;
			children = (
				473A663D234F1E4F0018C1E7 /* AppDelegate.swift */,
				473A663F234F1E4F0018C1E7 /* SceneDelegate.swift */,
				473A6641234F1E4F0018C1E7 /* ViewController.swift */,
				473A6643234F1E4F0018C1E7 /* Main.storyboard */,
				473A6646234F1E500018C1E7 /* Assets.xcassets */,
				473A6648234F1E500018C1E7 /* LaunchScreen.storyboard */,
				473A664B234F1E500018C1E7 /* Info.plist */,
			);
			path = Swift_Study_05;
			sourceTree = "<group>";
		};
		473A6653234F1E500018C1E7 /* Swift_Study_05Tests */ = {
			isa = PBXGroup;
			children = (
				473A6654234F1E500018C1E7 /* Swift_Study_05Tests.swift */,
				473A6656234F1E500018C1E7 /* Info.plist */,
			);
			path = Swift_Study_05Tests;
			sourceTree = "<group>";
		};
		473A665E234F1E500018C1E7 /* Swift_Study_05UITests */ = {
			isa = PBXGroup;
			children = (
				473A665F234F1E500018C1E7 /* Swift_Study_05UITests.swift */,
				473A6661234F1E500018C1E7 /* Info.plist */,
			);
			path = Swift_Study_05UITests;
			sourceTree = "<group>";
		};
/* End PBXGroup section */

/* Begin PBXNativeTarget section */
		473A6639234F1E4F0018C1E7 /* Swift_Study_05 */ = {
			isa = PBXNativeTarget;
			buildConfigurationList = 473A6664234F1E500018C1E7 /* Build configuration list for PBXNativeTarget "Swift_Study_05" */;
			buildPhases = (
				473A6636234F1E4F0018C1E7 /* Sources */,
				473A6637234F1E4F0018C1E7 /* Frameworks */,
				473A6638234F1E4F0018C1E7 /* Resources */,
			);
			buildRules = (
			);
			dependencies = (
			);
			name = Swift_Study_05;
			productName = Swift_Study_05;
			productReference = 473A663A234F1E4F0018C1E7 /* Swift_Study_05.app */;
			productType = "com.apple.product-type.application";
		};
		473A664F234F1E500018C1E7 /* Swift_Study_05Tests */ = {
			isa = PBXNativeTarget;
			buildConfigurationList = 473A6667234F1E500018C1E7 /* Build configuration list for PBXNativeTarget "Swift_Study_05Tests" */;
			buildPhases = (
				473A664C234F1E500018C1E7 /* Sources */,
				473A664D234F1E500018C1E7 /* Frameworks */,
				473A664E234F1E500018C1E7 /* Resources */,
			);
			buildRules = (
			);
			dependencies = (
				473A6652234F1E500018C1E7 /* PBXTargetDependency */,
			);
			name = Swift_Study_05Tests;
			productName = Swift_Study_05Tests;
			productReference = 473A6650234F1E500018C1E7 /* Swift_Study_05Tests.xctest */;
			productType = "com.apple.product-type.bundle.unit-test";
		};
		473A665A234F1E500018C1E7 /* Swift_Study_05UITests */ = {
			isa = PBXNativeTarget;
			buildConfigurationList = 473A666A234F1E500018C1E7 /* Build configuration list for PBXNativeTarget "Swift_Study_05UITests" */;
			buildPhases = (
				473A6657234F1E500018C1E7 /* Sources */,
				473A6658234F1E500018C1E7 /* Frameworks */,
				473A6659234F1E500018C1E7 /* Resources */,
			);
			buildRules = (
			);
			dependencies = (
				473A665D234F1E500018C1E7 /* PBXTargetDependency */,
			);
			name = Swift_Study_05UITests;
			productName = Swift_Study_05UITests;
			productReference = 473A665B234F1E500018C1E7 /* Swift_Study_05UITests.xctest */;
			productType = "com.apple.product-type.bundle.ui-testing";
		};
/* End PBXNativeTarget section */

/* Begin PBXProject section */
		473A6632234F1E4F0018C1E7 /* Project object */ = {
			isa = PBXProject;
			attributes = {
				LastSwiftUpdateCheck = 1100;
				LastUpgradeCheck = 1100;
				ORGANIZATIONNAME = DohyunKim;
				TargetAttributes = {
					473A6639234F1E4F0018C1E7 = {
						CreatedOnToolsVersion = 11.0;
					};
					473A664F234F1E500018C1E7 = {
						CreatedOnToolsVersion = 11.0;
						TestTargetID = 473A6639234F1E4F0018C1E7;
					};
					473A665A234F1E500018C1E7 = {
						CreatedOnToolsVersion = 11.0;
						TestTargetID = 473A6639234F1E4F0018C1E7;
					};
				};
			};
			buildConfigurationList = 473A6635234F1E4F0018C1E7 /* Build configuration list for PBXProject "Swift_Study_05" */;
			compatibilityVersion = "Xcode 9.3";
			developmentRegion = en;
			hasScannedForEncodings = 0;
			knownRegions = (
				en,
				Base,
			);
			mainGroup = 473A6631234F1E4F0018C1E7;
			productRefGroup = 473A663B234F1E4F0018C1E7 /* Products */;
			projectDirPath = "";
			projectRoot = "";
			targets = (
				473A6639234F1E4F0018C1E7 /* Swift_Study_05 */,
				473A664F234F1E500018C1E7 /* Swift_Study_05Tests */,
				473A665A234F1E500018C1E7 /* Swift_Study_05UITests */,
			);
		};
/* End PBXProject section */

/* Begin PBXResourcesBuildPhase section */
		473A6638234F1E4F0018C1E7 /* Resources */ = {
			isa = PBXResourcesBuildPhase;
			buildActionMask = 2147483647;
			files = (
				473A664A234F1E500018C1E7 /* LaunchScreen.storyboard in Resources */,
				473A6647234F1E500018C1E7 /* Assets.xcassets in Resources */,
				473A6645234F1E4F0018C1E7 /* Main.storyboard in Resources */,
			);
			runOnlyForDeploymentPostprocessing = 0;
		};
		473A664E234F1E500018C1E7 /* Resources */ = {
			isa = PBXResourcesBuildPhase;
			buildActionMask = 2147483647;
			files = (
			);
			runOnlyForDeploymentPostprocessing = 0;
		};
		473A6659234F1E500018C1E7 /* Resources */ = {
			isa = PBXResourcesBuildPhase;
			buildActionMask = 2147483647;
			files = (
			);
			runOnlyForDeploymentPostprocessing = 0;
		};
/* End PBXResourcesBuildPhase section */

/* Begin PBXSourcesBuildPhase section */
		473A6636234F1E4F0018C1E7 /* Sources */ = {
			isa = PBXSourcesBuildPhase;
			buildActionMask = 2147483647;
			files = (
				473A6642234F1E4F0018C1E7 /* ViewController.swift in Sources */,
				473A663E234F1E4F0018C1E7 /* AppDelegate.swift in Sources */,
				473A6640234F1E4F0018C1E7 /* SceneDelegate.swift in Sources */,
			);
			runOnlyForDeploymentPostprocessing = 0;
		};
		473A664C234F1E500018C1E7 /* Sources */ = {
			isa = PBXSourcesBuildPhase;
			buildActionMask = 2147483647;
			files = (
				473A6655234F1E500018C1E7 /* Swift_Study_05Tests.swift in Sources */,
			);
			runOnlyForDeploymentPostprocessing = 0;
		};
		473A6657234F1E500018C1E7 /* Sources */ = {
			isa = PBXSourcesBuildPhase;
			buildActionMask = 2147483647;
			files = (
				473A6660234F1E500018C1E7 /* Swift_Study_05UITests.swift in Sources */,
			);
			runOnlyForDeploymentPostprocessing = 0;
		};
/* End PBXSourcesBuildPhase section */

/* Begin PBXTargetDependency section */
		473A6652234F1E500018C1E7 /* PBXTargetDependency */ = {
			isa = PBXTargetDependency;
			target = 473A6639234F1E4F0018C1E7 /* Swift_Study_05 */;
			targetProxy = 473A6651234F1E500018C1E7 /* PBXContainerItemProxy */;
		};
		473A665D234F1E500018C1E7 /* PBXTargetDependency */ = {
			isa = PBXTargetDependency;
			target = 473A6639234F1E4F0018C1E7 /* Swift_Study_05 */;
			targetProxy = 473A665C234F1E500018C1E7 /* PBXContainerItemProxy */;
		};
/* End PBXTargetDependency section */

/* Begin PBXVariantGroup section */
		473A6643234F1E4F0018C1E7 /* Main.storyboard */ = {
			isa = PBXVariantGroup;
			children = (
				473A6644234F1E4F0018C1E7 /* Base */,
			);
			name = Main.storyboard;
			sourceTree = "<group>";
		};
		473A6648234F1E500018C1E7 /* LaunchScreen.storyboard */ = {
			isa = PBXVariantGroup;
			children = (
				473A6649234F1E500018C1E7 /* Base */,
			);
			name = LaunchScreen.storyboard;
			sourceTree = "<group>";
		};
/* End PBXVariantGroup section */

/* Begin XCBuildConfiguration section */
		473A6662234F1E500018C1E7 /* Debug */ = {
			isa = XCBuildConfiguration;
			buildSettings = {
				ALWAYS_SEARCH_USER_PATHS = NO;
				CLANG_ANALYZER_NONNULL = YES;
				CLANG_ANALYZER_NUMBER_OBJECT_CONVERSION = YES_AGGRESSIVE;
				CLANG_CXX_LANGUAGE_STANDARD = "gnu++14";
				CLANG_CXX_LIBRARY = "libc++";
				CLANG_ENABLE_MODULES = YES;
				CLANG_ENABLE_OBJC_ARC = YES;
				CLANG_ENABLE_OBJC_WEAK = YES;
				CLANG_WARN_BLOCK_CAPTURE_AUTORELEASING = YES;
				CLANG_WARN_BOOL_CONVERSION = YES;
				CLANG_WARN_COMMA = YES;
				CLANG_WARN_CONSTANT_CONVERSION = YES;
				CLANG_WARN_DEPRECATED_OBJC_IMPLEMENTATIONS = YES;
				CLANG_WARN_DIRECT_OBJC_ISA_USAGE = YES_ERROR;
				CLANG_WARN_DOCUMENTATION_COMMENTS = YES;
				CLANG_WARN_EMPTY_BODY = YES;
				CLANG_WARN_ENUM_CONVERSION = YES;
				CLANG_WARN_INFINITE_RECURSION = YES;
				CLANG_WARN_INT_CONVERSION = YES;
				CLANG_WARN_NON_LITERAL_NULL_CONVERSION = YES;
				CLANG_WARN_OBJC_IMPLICIT_RETAIN_SELF = YES;
				CLANG_WARN_OBJC_LITERAL_CONVERSION = YES;
				CLANG_WARN_OBJC_ROOT_CLASS = YES_ERROR;
				CLANG_WARN_RANGE_LOOP_ANALYSIS = YES;
				CLANG_WARN_STRICT_PROTOTYPES = YES;
				CLANG_WARN_SUSPICIOUS_MOVE = YES;
				CLANG_WARN_UNGUARDED_AVAILABILITY = YES_AGGRESSIVE;
				CLANG_WARN_UNREACHABLE_CODE = YES;
				CLANG_WARN__DUPLICATE_METHOD_MATCH = YES;
				COPY_PHASE_STRIP = NO;
				DEBUG_INFORMATION_FORMAT = dwarf;
				ENABLE_STRICT_OBJC_MSGSEND = YES;
				ENABLE_TESTABILITY = YES;
				GCC_C_LANGUAGE_STANDARD = gnu11;
				GCC_DYNAMIC_NO_PIC = NO;
				GCC_NO_COMMON_BLOCKS = YES;
				GCC_OPTIMIZATION_LEVEL = 0;
				GCC_PREPROCESSOR_DEFINITIONS = (
					"DEBUG=1",
					"$(inherited)",
				);
				GCC_WARN_64_TO_32_BIT_CONVERSION = YES;
				GCC_WARN_ABOUT_RETURN_TYPE = YES_ERROR;
				GCC_WARN_UNDECLARED_SELECTOR = YES;
				GCC_WARN_UNINITIALIZED_AUTOS = YES_AGGRESSIVE;
				GCC_WARN_UNUSED_FUNCTION = YES;
				GCC_WARN_UNUSED_VARIABLE = YES;
				IPHONEOS_DEPLOYMENT_TARGET = 13.0;
				MTL_ENABLE_DEBUG_INFO = INCLUDE_SOURCE;
				MTL_FAST_MATH = YES;
				ONLY_ACTIVE_ARCH = YES;
				SDKROOT = iphoneos;
				SWIFT_ACTIVE_COMPILATION_CONDITIONS = DEBUG;
				SWIFT_OPTIMIZATION_LEVEL = "-Onone";
			};
			name = Debug;
		};
		473A6663234F1E500018C1E7 /* Release */ = {
			isa = XCBuildConfiguration;
			buildSettings = {
				ALWAYS_SEARCH_USER_PATHS = NO;
				CLANG_ANALYZER_NONNULL = YES;
				CLANG_ANALYZER_NUMBER_OBJECT_CONVERSION = YES_AGGRESSIVE;
				CLANG_CXX_LANGUAGE_STANDARD = "gnu++14";
				CLANG_CXX_LIBRARY = "libc++";
				CLANG_ENABLE_MODULES = YES;
				CLANG_ENABLE_OBJC_ARC = YES;
				CLANG_ENABLE_OBJC_WEAK = YES;
				CLANG_WARN_BLOCK_CAPTURE_AUTORELEASING = YES;
				CLANG_WARN_BOOL_CONVERSION = YES;
				CLANG_WARN_COMMA = YES;
				CLANG_WARN_CONSTANT_CONVERSION = YES;
				CLANG_WARN_DEPRECATED_OBJC_IMPLEMENTATIONS = YES;
				CLANG_WARN_DIRECT_OBJC_ISA_USAGE = YES_ERROR;
				CLANG_WARN_DOCUMENTATION_COMMENTS = YES;
				CLANG_WARN_EMPTY_BODY = YES;
				CLANG_WARN_ENUM_CONVERSION = YES;
				CLANG_WARN_INFINITE_RECURSION = YES;
				CLANG_WARN_INT_CONVERSION = YES;
				CLANG_WARN_NON_LITERAL_NULL_CONVERSION = YES;
				CLANG_WARN_OBJC_IMPLICIT_RETAIN_SELF = YES;
				CLANG_WARN_OBJC_LITERAL_CONVERSION = YES;
				CLANG_WARN_OBJC_ROOT_CLASS = YES_ERROR;
				CLANG_WARN_RANGE_LOOP_ANALYSIS = YES;
				CLANG_WARN_STRICT_PROTOTYPES = YES;
				CLANG_WARN_SUSPICIOUS_MOVE = YES;
				CLANG_WARN_UNGUARDED_AVAILABILITY = YES_AGGRESSIVE;
				CLANG_WARN_UNREACHABLE_CODE = YES;
				CLANG_WARN__DUPLICATE_METHOD_MATCH = YES;
				COPY_PHASE_STRIP = NO;
				DEBUG_INFORMATION_FORMAT = "dwarf-with-dsym";
				ENABLE_NS_ASSERTIONS = NO;
				ENABLE_STRICT_OBJC_MSGSEND = YES;
				GCC_C_LANGUAGE_STANDARD = gnu11;
				GCC_NO_COMMON_BLOCKS = YES;
				GCC_WARN_64_TO_32_BIT_CONVERSION = YES;
				GCC_WARN_ABOUT_RETURN_TYPE = YES_ERROR;
				GCC_WARN_UNDECLARED_SELECTOR = YES;
				GCC_WARN_UNINITIALIZED_AUTOS = YES_AGGRESSIVE;
				GCC_WARN_UNUSED_FUNCTION = YES;
				GCC_WARN_UNUSED_VARIABLE = YES;
				IPHONEOS_DEPLOYMENT_TARGET = 13.0;
				MTL_ENABLE_DEBUG_INFO = NO;
				MTL_FAST_MATH = YES;
				SDKROOT = iphoneos;
				SWIFT_COMPILATION_MODE = wholemodule;
				SWIFT_OPTIMIZATION_LEVEL = "-O";
				VALIDATE_PRODUCT = YES;
			};
			name = Release;
		};
		473A6665234F1E500018C1E7 /* Debug */ = {
			isa = XCBuildConfiguration;
			buildSettings = {
				ASSETCATALOG_COMPILER_APPICON_NAME = AppIcon;
				CODE_SIGN_STYLE = Automatic;
				DEVELOPMENT_TEAM = VSX6758FTG;
				INFOPLIST_FILE = Swift_Study_05/Info.plist;
				LD_RUNPATH_SEARCH_PATHS = (
					"$(inherited)",
					"@executable_path/Frameworks",
				);
				PRODUCT_BUNDLE_IDENTIFIER = "DohyunKim.Swift-Study-05";
				PRODUCT_NAME = "$(TARGET_NAME)";
				SWIFT_VERSION = 5.0;
				TARGETED_DEVICE_FAMILY = "1,2";
			};
			name = Debug;
		};
		473A6666234F1E500018C1E7 /* Release */ = {
			isa = XCBuildConfiguration;
			buildSettings = {
				ASSETCATALOG_COMPILER_APPICON_NAME = AppIcon;
				CODE_SIGN_STYLE = Automatic;
				DEVELOPMENT_TEAM = VSX6758FTG;
				INFOPLIST_FILE = Swift_Study_05/Info.plist;
				LD_RUNPATH_SEARCH_PATHS = (
					"$(inherited)",
					"@executable_path/Frameworks",
				);
				PRODUCT_BUNDLE_IDENTIFIER = "DohyunKim.Swift-Study-05";
				PRODUCT_NAME = "$(TARGET_NAME)";
				SWIFT_VERSION = 5.0;
				TARGETED_DEVICE_FAMILY = "1,2";
			};
			name = Release;
		};
		473A6668234F1E500018C1E7 /* Debug */ = {
			isa = XCBuildConfiguration;
			buildSettings = {
				ALWAYS_EMBED_SWIFT_STANDARD_LIBRARIES = YES;
				BUNDLE_LOADER = "$(TEST_HOST)";
				CODE_SIGN_STYLE = Automatic;
				DEVELOPMENT_TEAM = VSX6758FTG;
				INFOPLIST_FILE = Swift_Study_05Tests/Info.plist;
				IPHONEOS_DEPLOYMENT_TARGET = 13.0;
				LD_RUNPATH_SEARCH_PATHS = (
					"$(inherited)",
					"@executable_path/Frameworks",
					"@loader_path/Frameworks",
				);
				PRODUCT_BUNDLE_IDENTIFIER = "DohyunKim.Swift-Study-05Tests";
				PRODUCT_NAME = "$(TARGET_NAME)";
				SWIFT_VERSION = 5.0;
				TARGETED_DEVICE_FAMILY = "1,2";
				TEST_HOST = "$(BUILT_PRODUCTS_DIR)/Swift_Study_05.app/Swift_Study_05";
			};
			name = Debug;
		};
		473A6669234F1E500018C1E7 /* Release */ = {
			isa = XCBuildConfiguration;
			buildSettings = {
				ALWAYS_EMBED_SWIFT_STANDARD_LIBRARIES = YES;
				BUNDLE_LOADER = "$(TEST_HOST)";
				CODE_SIGN_STYLE = Automatic;
				DEVELOPMENT_TEAM = VSX6758FTG;
				INFOPLIST_FILE = Swift_Study_05Tests/Info.plist;
				IPHONEOS_DEPLOYMENT_TARGET = 13.0;
				LD_RUNPATH_SEARCH_PATHS = (
					"$(inherited)",
					"@executable_path/Frameworks",
					"@loader_path/Frameworks",
				);
				PRODUCT_BUNDLE_IDENTIFIER = "DohyunKim.Swift-Study-05Tests";
				PRODUCT_NAME = "$(TARGET_NAME)";
				SWIFT_VERSION = 5.0;
				TARGETED_DEVICE_FAMILY = "1,2";
				TEST_HOST = "$(BUILT_PRODUCTS_DIR)/Swift_Study_05.app/Swift_Study_05";
			};
			name = Release;
		};
		473A666B234F1E500018C1E7 /* Debug */ = {
			isa = XCBuildConfiguration;
			buildSettings = {
				ALWAYS_EMBED_SWIFT_STANDARD_LIBRARIES = YES;
				CODE_SIGN_STYLE = Automatic;
				DEVELOPMENT_TEAM = VSX6758FTG;
				INFOPLIST_FILE = Swift_Study_05UITests/Info.plist;
				LD_RUNPATH_SEARCH_PATHS = (
					"$(inherited)",
					"@executable_path/Frameworks",
					"@loader_path/Frameworks",
				);
				PRODUCT_BUNDLE_IDENTIFIER = "DohyunKim.Swift-Study-05UITests";
				PRODUCT_NAME = "$(TARGET_NAME)";
				SWIFT_VERSION = 5.0;
				TARGETED_DEVICE_FAMILY = "1,2";
				TEST_TARGET_NAME = Swift_Study_05;
			};
			name = Debug;
		};
		473A666C234F1E500018C1E7 /* Release */ = {
			isa = XCBuildConfiguration;
			buildSettings = {
				ALWAYS_EMBED_SWIFT_STANDARD_LIBRARIES = YES;
				CODE_SIGN_STYLE = Automatic;
				DEVELOPMENT_TEAM = VSX6758FTG;
				INFOPLIST_FILE = Swift_Study_05UITests/Info.plist;
				LD_RUNPATH_SEARCH_PATHS = (
					"$(inherited)",
					"@executable_path/Frameworks",
					"@loader_path/Frameworks",
				);
				PRODUCT_BUNDLE_IDENTIFIER = "DohyunKim.Swift-Study-05UITests";
				PRODUCT_NAME = "$(TARGET_NAME)";
				SWIFT_VERSION = 5.0;
				TARGETED_DEVICE_FAMILY = "1,2";
				TEST_TARGET_NAME = Swift_Study_05;
			};
			name = Release;
		};
/* End XCBuildConfiguration section */

/* Begin XCConfigurationList section */
		473A6635234F1E4F0018C1E7 /* Build configuration list for PBXProject "Swift_Study_05" */ = {
			isa = XCConfigurationList;
			buildConfigurations = (
				473A6662234F1E500018C1E7 /* Debug */,
				473A6663234F1E500018C1E7 /* Release */,
			);
			defaultConfigurationIsVisible = 0;
			defaultConfigurationName = Release;
		};
		473A6664234F1E500018C1E7 /* Build configuration list for PBXNativeTarget "Swift_Study_05" */ = {
			isa = XCConfigurationList;
			buildConfigurations = (
				473A6665234F1E500018C1E7 /* Debug */,
				473A6666234F1E500018C1E7 /* Release */,
			);
			defaultConfigurationIsVisible = 0;
			defaultConfigurationName = Release;
		};
		473A6667234F1E500018C1E7 /* Build configuration list for PBXNativeTarget "Swift_Study_05Tests" */ = {
			isa = XCConfigurationList;
			buildConfigurations = (
				473A6668234F1E500018C1E7 /* Debug */,
				473A6669234F1E500018C1E7 /* Release */,
			);
			defaultConfigurationIsVisible = 0;
			defaultConfigurationName = Release;
		};
		473A666A234F1E500018C1E7 /* Build configuration list for PBXNativeTarget "Swift_Study_05UITests" */ = {
			isa = XCConfigurationList;
			buildConfigurations = (
				473A666B234F1E500018C1E7 /* Debug */,
				473A666C234F1E500018C1E7 /* Release */,
			);
			defaultConfigurationIsVisible = 0;
			defaultConfigurationName = Release;
		};
/* End XCConfigurationList section */
	};
	rootObject = 473A6632234F1E4F0018C1E7 /* Project object */;
}
