// !$*UTF8*$!
{
	archiveVersion = 1;
	classes = {
	};
	objectVersion = 50;
	objects = {

/* Begin PBXBuildFile section */
		47D5A1F82497782100F03876 /* AppDelegate.swift in Sources */ = {isa = PBXBuildFile; fileRef = 47D5A1F72497782100F03876 /* AppDelegate.swift */; };
		47D5A1FA2497782100F03876 /* SceneDelegate.swift in Sources */ = {isa = PBXBuildFile; fileRef = 47D5A1F92497782100F03876 /* SceneDelegate.swift */; };
		47D5A1FF2497782100F03876 /* Main.storyboard in Resources */ = {isa = PBXBuildFile; fileRef = 47D5A1FD2497782100F03876 /* Main.storyboard */; };
		47D5A2012497782100F03876 /* Assets.xcassets in Resources */ = {isa = PBXBuildFile; fileRef = 47D5A2002497782100F03876 /* Assets.xcassets */; };
		47D5A2042497782100F03876 /* LaunchScreen.storyboard in Resources */ = {isa = PBXBuildFile; fileRef = 47D5A2022497782100F03876 /* LaunchScreen.storyboard */; };
		47D5A20F2497782100F03876 /* Swift_Study_17Tests.swift in Sources */ = {isa = PBXBuildFile; fileRef = 47D5A20E2497782100F03876 /* Swift_Study_17Tests.swift */; };
		47D5A21A2497782100F03876 /* Swift_Study_17UITests.swift in Sources */ = {isa = PBXBuildFile; fileRef = 47D5A2192497782100F03876 /* Swift_Study_17UITests.swift */; };
		47D5A22A24977B4E00F03876 /* ListViewController.swift in Sources */ = {isa = PBXBuildFile; fileRef = 47D5A22924977B4E00F03876 /* ListViewController.swift */; };
/* End PBXBuildFile section */

/* Begin PBXContainerItemProxy section */
		47D5A20B2497782100F03876 /* PBXContainerItemProxy */ = {
			isa = PBXContainerItemProxy;
			containerPortal = 47D5A1EC2497782100F03876 /* Project object */;
			proxyType = 1;
			remoteGlobalIDString = 47D5A1F32497782100F03876;
			remoteInfo = Swift_Study_17;
		};
		47D5A2162497782100F03876 /* PBXContainerItemProxy */ = {
			isa = PBXContainerItemProxy;
			containerPortal = 47D5A1EC2497782100F03876 /* Project object */;
			proxyType = 1;
			remoteGlobalIDString = 47D5A1F32497782100F03876;
			remoteInfo = Swift_Study_17;
		};
/* End PBXContainerItemProxy section */

/* Begin PBXFileReference section */
		47D5A1F42497782100F03876 /* Swift_Study_17.app */ = {isa = PBXFileReference; explicitFileType = wrapper.application; includeInIndex = 0; path = Swift_Study_17.app; sourceTree = BUILT_PRODUCTS_DIR; };
		47D5A1F72497782100F03876 /* AppDelegate.swift */ = {isa = PBXFileReference; lastKnownFileType = sourcecode.swift; path = AppDelegate.swift; sourceTree = "<group>"; };
		47D5A1F92497782100F03876 /* SceneDelegate.swift */ = {isa = PBXFileReference; lastKnownFileType = sourcecode.swift; path = SceneDelegate.swift; sourceTree = "<group>"; };
		47D5A1FE2497782100F03876 /* Base */ = {isa = PBXFileReference; lastKnownFileType = file.storyboard; name = Base; path = Base.lproj/Main.storyboard; sourceTree = "<group>"; };
		47D5A2002497782100F03876 /* Assets.xcassets */ = {isa = PBXFileReference; lastKnownFileType = folder.assetcatalog; path = Assets.xcassets; sourceTree = "<group>"; };
		47D5A2032497782100F03876 /* Base */ = {isa = PBXFileReference; lastKnownFileType = file.storyboard; name = Base; path = Base.lproj/LaunchScreen.storyboard; sourceTree = "<group>"; };
		47D5A2052497782100F03876 /* Info.plist */ = {isa = PBXFileReference; lastKnownFileType = text.plist.xml; path = Info.plist; sourceTree = "<group>"; };
		47D5A20A2497782100F03876 /* Swift_Study_17Tests.xctest */ = {isa = PBXFileReference; explicitFileType = wrapper.cfbundle; includeInIndex = 0; path = Swift_Study_17Tests.xctest; sourceTree = BUILT_PRODUCTS_DIR; };
		47D5A20E2497782100F03876 /* Swift_Study_17Tests.swift */ = {isa = PBXFileReference; lastKnownFileType = sourcecode.swift; path = Swift_Study_17Tests.swift; sourceTree = "<group>"; };
		47D5A2102497782100F03876 /* Info.plist */ = {isa = PBXFileReference; lastKnownFileType = text.plist.xml; path = Info.plist; sourceTree = "<group>"; };
		47D5A2152497782100F03876 /* Swift_Study_17UITests.xctest */ = {isa = PBXFileReference; explicitFileType = wrapper.cfbundle; includeInIndex = 0; path = Swift_Study_17UITests.xctest; sourceTree = BUILT_PRODUCTS_DIR; };
		47D5A2192497782100F03876 /* Swift_Study_17UITests.swift */ = {isa = PBXFileReference; lastKnownFileType = sourcecode.swift; path = Swift_Study_17UITests.swift; sourceTree = "<group>"; };
		47D5A21B2497782100F03876 /* Info.plist */ = {isa = PBXFileReference; lastKnownFileType = text.plist.xml; path = Info.plist; sourceTree = "<group>"; };
		47D5A22924977B4E00F03876 /* ListViewController.swift */ = {isa = PBXFileReference; lastKnownFileType = sourcecode.swift; path = ListViewController.swift; sourceTree = "<group>"; };
/* End PBXFileReference section */

/* Begin PBXFrameworksBuildPhase section */
		47D5A1F12497782100F03876 /* Frameworks */ = {
			isa = PBXFrameworksBuildPhase;
			buildActionMask = 2147483647;
			files = (
			);
			runOnlyForDeploymentPostprocessing = 0;
		};
		47D5A2072497782100F03876 /* Frameworks */ = {
			isa = PBXFrameworksBuildPhase;
			buildActionMask = 2147483647;
			files = (
			);
			runOnlyForDeploymentPostprocessing = 0;
		};
		47D5A2122497782100F03876 /* Frameworks */ = {
			isa = PBXFrameworksBuildPhase;
			buildActionMask = 2147483647;
			files = (
			);
			runOnlyForDeploymentPostprocessing = 0;
		};
/* End PBXFrameworksBuildPhase section */

/* Begin PBXGroup section */
		47D5A1EB2497782100F03876 = {
			isa = PBXGroup;
			children = (
				47D5A1F62497782100F03876 /* Swift_Study_17 */,
				47D5A20D2497782100F03876 /* Swift_Study_17Tests */,
				47D5A2182497782100F03876 /* Swift_Study_17UITests */,
				47D5A1F52497782100F03876 /* Products */,
			);
			sourceTree = "<group>";
		};
		47D5A1F52497782100F03876 /* Products */ = {
			isa = PBXGroup;
			children = (
				47D5A1F42497782100F03876 /* Swift_Study_17.app */,
				47D5A20A2497782100F03876 /* Swift_Study_17Tests.xctest */,
				47D5A2152497782100F03876 /* Swift_Study_17UITests.xctest */,
			);
			name = Products;
			sourceTree = "<group>";
		};
		47D5A1F62497782100F03876 /* Swift_Study_17 */ = {
			isa = PBXGroup;
			children = (
				47D5A1F72497782100F03876 /* AppDelegate.swift */,
				47D5A1F92497782100F03876 /* SceneDelegate.swift */,
				47D5A1FD2497782100F03876 /* Main.storyboard */,
				47D5A22924977B4E00F03876 /* ListViewController.swift */,
				47D5A2002497782100F03876 /* Assets.xcassets */,
				47D5A2022497782100F03876 /* LaunchScreen.storyboard */,
				47D5A2052497782100F03876 /* Info.plist */,
			);
			path = Swift_Study_17;
			sourceTree = "<group>";
		};
		47D5A20D2497782100F03876 /* Swift_Study_17Tests */ = {
			isa = PBXGroup;
			children = (
				47D5A20E2497782100F03876 /* Swift_Study_17Tests.swift */,
				47D5A2102497782100F03876 /* Info.plist */,
			);
			path = Swift_Study_17Tests;
			sourceTree = "<group>";
		};
		47D5A2182497782100F03876 /* Swift_Study_17UITests */ = {
			isa = PBXGroup;
			children = (
				47D5A2192497782100F03876 /* Swift_Study_17UITests.swift */,
				47D5A21B2497782100F03876 /* Info.plist */,
			);
			path = Swift_Study_17UITests;
			sourceTree = "<group>";
		};
/* End PBXGroup section */

/* Begin PBXNativeTarget section */
		47D5A1F32497782100F03876 /* Swift_Study_17 */ = {
			isa = PBXNativeTarget;
			buildConfigurationList = 47D5A21E2497782200F03876 /* Build configuration list for PBXNativeTarget "Swift_Study_17" */;
			buildPhases = (
				47D5A1F02497782100F03876 /* Sources */,
				47D5A1F12497782100F03876 /* Frameworks */,
				47D5A1F22497782100F03876 /* Resources */,
			);
			buildRules = (
			);
			dependencies = (
			);
			name = Swift_Study_17;
			productName = Swift_Study_17;
			productReference = 47D5A1F42497782100F03876 /* Swift_Study_17.app */;
			productType = "com.apple.product-type.application";
		};
		47D5A2092497782100F03876 /* Swift_Study_17Tests */ = {
			isa = PBXNativeTarget;
			buildConfigurationList = 47D5A2212497782200F03876 /* Build configuration list for PBXNativeTarget "Swift_Study_17Tests" */;
			buildPhases = (
				47D5A2062497782100F03876 /* Sources */,
				47D5A2072497782100F03876 /* Frameworks */,
				47D5A2082497782100F03876 /* Resources */,
			);
			buildRules = (
			);
			dependencies = (
				47D5A20C2497782100F03876 /* PBXTargetDependency */,
			);
			name = Swift_Study_17Tests;
			productName = Swift_Study_17Tests;
			productReference = 47D5A20A2497782100F03876 /* Swift_Study_17Tests.xctest */;
			productType = "com.apple.product-type.bundle.unit-test";
		};
		47D5A2142497782100F03876 /* Swift_Study_17UITests */ = {
			isa = PBXNativeTarget;
			buildConfigurationList = 47D5A2242497782200F03876 /* Build configuration list for PBXNativeTarget "Swift_Study_17UITests" */;
			buildPhases = (
				47D5A2112497782100F03876 /* Sources */,
				47D5A2122497782100F03876 /* Frameworks */,
				47D5A2132497782100F03876 /* Resources */,
			);
			buildRules = (
			);
			dependencies = (
				47D5A2172497782100F03876 /* PBXTargetDependency */,
			);
			name = Swift_Study_17UITests;
			productName = Swift_Study_17UITests;
			productReference = 47D5A2152497782100F03876 /* Swift_Study_17UITests.xctest */;
			productType = "com.apple.product-type.bundle.ui-testing";
		};
/* End PBXNativeTarget section */

/* Begin PBXProject section */
		47D5A1EC2497782100F03876 /* Project object */ = {
			isa = PBXProject;
			attributes = {
				LastSwiftUpdateCheck = 1150;
				LastUpgradeCheck = 1150;
				ORGANIZATIONNAME = DohyunKim;
				TargetAttributes = {
					47D5A1F32497782100F03876 = {
						CreatedOnToolsVersion = 11.5;
					};
					47D5A2092497782100F03876 = {
						CreatedOnToolsVersion = 11.5;
						TestTargetID = 47D5A1F32497782100F03876;
					};
					47D5A2142497782100F03876 = {
						CreatedOnToolsVersion = 11.5;
						TestTargetID = 47D5A1F32497782100F03876;
					};
				};
			};
			buildConfigurationList = 47D5A1EF2497782100F03876 /* Build configuration list for PBXProject "Swift_Study_17" */;
			compatibilityVersion = "Xcode 9.3";
			developmentRegion = en;
			hasScannedForEncodings = 0;
			knownRegions = (
				en,
				Base,
			);
			mainGroup = 47D5A1EB2497782100F03876;
			productRefGroup = 47D5A1F52497782100F03876 /* Products */;
			projectDirPath = "";
			projectRoot = "";
			targets = (
				47D5A1F32497782100F03876 /* Swift_Study_17 */,
				47D5A2092497782100F03876 /* Swift_Study_17Tests */,
				47D5A2142497782100F03876 /* Swift_Study_17UITests */,
			);
		};
/* End PBXProject section */

/* Begin PBXResourcesBuildPhase section */
		47D5A1F22497782100F03876 /* Resources */ = {
			isa = PBXResourcesBuildPhase;
			buildActionMask = 2147483647;
			files = (
				47D5A2042497782100F03876 /* LaunchScreen.storyboard in Resources */,
				47D5A2012497782100F03876 /* Assets.xcassets in Resources */,
				47D5A1FF2497782100F03876 /* Main.storyboard in Resources */,
			);
			runOnlyForDeploymentPostprocessing = 0;
		};
		47D5A2082497782100F03876 /* Resources */ = {
			isa = PBXResourcesBuildPhase;
			buildActionMask = 2147483647;
			files = (
			);
			runOnlyForDeploymentPostprocessing = 0;
		};
		47D5A2132497782100F03876 /* Resources */ = {
			isa = PBXResourcesBuildPhase;
			buildActionMask = 2147483647;
			files = (
			);
			runOnlyForDeploymentPostprocessing = 0;
		};
/* End PBXResourcesBuildPhase section */

/* Begin PBXSourcesBuildPhase section */
		47D5A1F02497782100F03876 /* Sources */ = {
			isa = PBXSourcesBuildPhase;
			buildActionMask = 2147483647;
			files = (
				47D5A1F82497782100F03876 /* AppDelegate.swift in Sources */,
				47D5A1FA2497782100F03876 /* SceneDelegate.swift in Sources */,
				47D5A22A24977B4E00F03876 /* ListViewController.swift in Sources */,
			);
			runOnlyForDeploymentPostprocessing = 0;
		};
		47D5A2062497782100F03876 /* Sources */ = {
			isa = PBXSourcesBuildPhase;
			buildActionMask = 2147483647;
			files = (
				47D5A20F2497782100F03876 /* Swift_Study_17Tests.swift in Sources */,
			);
			runOnlyForDeploymentPostprocessing = 0;
		};
		47D5A2112497782100F03876 /* Sources */ = {
			isa = PBXSourcesBuildPhase;
			buildActionMask = 2147483647;
			files = (
				47D5A21A2497782100F03876 /* Swift_Study_17UITests.swift in Sources */,
			);
			runOnlyForDeploymentPostprocessing = 0;
		};
/* End PBXSourcesBuildPhase section */

/* Begin PBXTargetDependency section */
		47D5A20C2497782100F03876 /* PBXTargetDependency */ = {
			isa = PBXTargetDependency;
			target = 47D5A1F32497782100F03876 /* Swift_Study_17 */;
			targetProxy = 47D5A20B2497782100F03876 /* PBXContainerItemProxy */;
		};
		47D5A2172497782100F03876 /* PBXTargetDependency */ = {
			isa = PBXTargetDependency;
			target = 47D5A1F32497782100F03876 /* Swift_Study_17 */;
			targetProxy = 47D5A2162497782100F03876 /* PBXContainerItemProxy */;
		};
/* End PBXTargetDependency section */

/* Begin PBXVariantGroup section */
		47D5A1FD2497782100F03876 /* Main.storyboard */ = {
			isa = PBXVariantGroup;
			children = (
				47D5A1FE2497782100F03876 /* Base */,
			);
			name = Main.storyboard;
			sourceTree = "<group>";
		};
		47D5A2022497782100F03876 /* LaunchScreen.storyboard */ = {
			isa = PBXVariantGroup;
			children = (
				47D5A2032497782100F03876 /* Base */,
			);
			name = LaunchScreen.storyboard;
			sourceTree = "<group>";
		};
/* End PBXVariantGroup section */

/* Begin XCBuildConfiguration section */
		47D5A21C2497782200F03876 /* Debug */ = {
			isa = XCBuildConfiguration;
			buildSettings = {
				ALWAYS_SEARCH_USER_PATHS = NO;
				CLANG_ANALYZER_NONNULL = YES;
				CLANG_ANALYZER_NUMBER_OBJECT_CONVERSION = YES_AGGRESSIVE;
				CLANG_CXX_LANGUAGE_STANDARD = "gnu++14";
				CLANG_CXX_LIBRARY = "libc++";
				CLANG_ENABLE_MODULES = YES;
				CLANG_ENABLE_OBJC_ARC = YES;
				CLANG_ENABLE_OBJC_WEAK = YES;
				CLANG_WARN_BLOCK_CAPTURE_AUTORELEASING = YES;
				CLANG_WARN_BOOL_CONVERSION = YES;
				CLANG_WARN_COMMA = YES;
				CLANG_WARN_CONSTANT_CONVERSION = YES;
				CLANG_WARN_DEPRECATED_OBJC_IMPLEMENTATIONS = YES;
				CLANG_WARN_DIRECT_OBJC_ISA_USAGE = YES_ERROR;
				CLANG_WARN_DOCUMENTATION_COMMENTS = YES;
				CLANG_WARN_EMPTY_BODY = YES;
				CLANG_WARN_ENUM_CONVERSION = YES;
				CLANG_WARN_INFINITE_RECURSION = YES;
				CLANG_WARN_INT_CONVERSION = YES;
				CLANG_WARN_NON_LITERAL_NULL_CONVERSION = YES;
				CLANG_WARN_OBJC_IMPLICIT_RETAIN_SELF = YES;
				CLANG_WARN_OBJC_LITERAL_CONVERSION = YES;
				CLANG_WARN_OBJC_ROOT_CLASS = YES_ERROR;
				CLANG_WARN_RANGE_LOOP_ANALYSIS = YES;
				CLANG_WARN_STRICT_PROTOTYPES = YES;
				CLANG_WARN_SUSPICIOUS_MOVE = YES;
				CLANG_WARN_UNGUARDED_AVAILABILITY = YES_AGGRESSIVE;
				CLANG_WARN_UNREACHABLE_CODE = YES;
				CLANG_WARN__DUPLICATE_METHOD_MATCH = YES;
				COPY_PHASE_STRIP = NO;
				DEBUG_INFORMATION_FORMAT = dwarf;
				ENABLE_STRICT_OBJC_MSGSEND = YES;
				ENABLE_TESTABILITY = YES;
				GCC_C_LANGUAGE_STANDARD = gnu11;
				GCC_DYNAMIC_NO_PIC = NO;
				GCC_NO_COMMON_BLOCKS = YES;
				GCC_OPTIMIZATION_LEVEL = 0;
				GCC_PREPROCESSOR_DEFINITIONS = (
					"DEBUG=1",
					"$(inherited)",
				);
				GCC_WARN_64_TO_32_BIT_CONVERSION = YES;
				GCC_WARN_ABOUT_RETURN_TYPE = YES_ERROR;
				GCC_WARN_UNDECLARED_SELECTOR = YES;
				GCC_WARN_UNINITIALIZED_AUTOS = YES_AGGRESSIVE;
				GCC_WARN_UNUSED_FUNCTION = YES;
				GCC_WARN_UNUSED_VARIABLE = YES;
				IPHONEOS_DEPLOYMENT_TARGET = 13.5;
				MTL_ENABLE_DEBUG_INFO = INCLUDE_SOURCE;
				MTL_FAST_MATH = YES;
				ONLY_ACTIVE_ARCH = YES;
				SDKROOT = iphoneos;
				SWIFT_ACTIVE_COMPILATION_CONDITIONS = DEBUG;
				SWIFT_OPTIMIZATION_LEVEL = "-Onone";
			};
			name = Debug;
		};
		47D5A21D2497782200F03876 /* Release */ = {
			isa = XCBuildConfiguration;
			buildSettings = {
				ALWAYS_SEARCH_USER_PATHS = NO;
				CLANG_ANALYZER_NONNULL = YES;
				CLANG_ANALYZER_NUMBER_OBJECT_CONVERSION = YES_AGGRESSIVE;
				CLANG_CXX_LANGUAGE_STANDARD = "gnu++14";
				CLANG_CXX_LIBRARY = "libc++";
				CLANG_ENABLE_MODULES = YES;
				CLANG_ENABLE_OBJC_ARC = YES;
				CLANG_ENABLE_OBJC_WEAK = YES;
				CLANG_WARN_BLOCK_CAPTURE_AUTORELEASING = YES;
				CLANG_WARN_BOOL_CONVERSION = YES;
				CLANG_WARN_COMMA = YES;
				CLANG_WARN_CONSTANT_CONVERSION = YES;
				CLANG_WARN_DEPRECATED_OBJC_IMPLEMENTATIONS = YES;
				CLANG_WARN_DIRECT_OBJC_ISA_USAGE = YES_ERROR;
				CLANG_WARN_DOCUMENTATION_COMMENTS = YES;
				CLANG_WARN_EMPTY_BODY = YES;
				CLANG_WARN_ENUM_CONVERSION = YES;
				CLANG_WARN_INFINITE_RECURSION = YES;
				CLANG_WARN_INT_CONVERSION = YES;
				CLANG_WARN_NON_LITERAL_NULL_CONVERSION = YES;
				CLANG_WARN_OBJC_IMPLICIT_RETAIN_SELF = YES;
				CLANG_WARN_OBJC_LITERAL_CONVERSION = YES;
				CLANG_WARN_OBJC_ROOT_CLASS = YES_ERROR;
				CLANG_WARN_RANGE_LOOP_ANALYSIS = YES;
				CLANG_WARN_STRICT_PROTOTYPES = YES;
				CLANG_WARN_SUSPICIOUS_MOVE = YES;
				CLANG_WARN_UNGUARDED_AVAILABILITY = YES_AGGRESSIVE;
				CLANG_WARN_UNREACHABLE_CODE = YES;
				CLANG_WARN__DUPLICATE_METHOD_MATCH = YES;
				COPY_PHASE_STRIP = NO;
				DEBUG_INFORMATION_FORMAT = "dwarf-with-dsym";
				ENABLE_NS_ASSERTIONS = NO;
				ENABLE_STRICT_OBJC_MSGSEND = YES;
				GCC_C_LANGUAGE_STANDARD = gnu11;
				GCC_NO_COMMON_BLOCKS = YES;
				GCC_WARN_64_TO_32_BIT_CONVERSION = YES;
				GCC_WARN_ABOUT_RETURN_TYPE = YES_ERROR;
				GCC_WARN_UNDECLARED_SELECTOR = YES;
				GCC_WARN_UNINITIALIZED_AUTOS = YES_AGGRESSIVE;
				GCC_WARN_UNUSED_FUNCTION = YES;
				GCC_WARN_UNUSED_VARIABLE = YES;
				IPHONEOS_DEPLOYMENT_TARGET = 13.5;
				MTL_ENABLE_DEBUG_INFO = NO;
				MTL_FAST_MATH = YES;
				SDKROOT = iphoneos;
				SWIFT_COMPILATION_MODE = wholemodule;
				SWIFT_OPTIMIZATION_LEVEL = "-O";
				VALIDATE_PRODUCT = YES;
			};
			name = Release;
		};
		47D5A21F2497782200F03876 /* Debug */ = {
			isa = XCBuildConfiguration;
			buildSettings = {
				ASSETCATALOG_COMPILER_APPICON_NAME = AppIcon;
				CODE_SIGN_STYLE = Automatic;
				DEVELOPMENT_TEAM = VSX6758FTG;
				INFOPLIST_FILE = Swift_Study_17/Info.plist;
				LD_RUNPATH_SEARCH_PATHS = (
					"$(inherited)",
					"@executable_path/Frameworks",
				);
				PRODUCT_BUNDLE_IDENTIFIER = "DohyunKim.Swift-Study-17";
				PRODUCT_NAME = "$(TARGET_NAME)";
				SWIFT_VERSION = 5.0;
				TARGETED_DEVICE_FAMILY = "1,2";
			};
			name = Debug;
		};
		47D5A2202497782200F03876 /* Release */ = {
			isa = XCBuildConfiguration;
			buildSettings = {
				ASSETCATALOG_COMPILER_APPICON_NAME = AppIcon;
				CODE_SIGN_STYLE = Automatic;
				DEVELOPMENT_TEAM = VSX6758FTG;
				INFOPLIST_FILE = Swift_Study_17/Info.plist;
				LD_RUNPATH_SEARCH_PATHS = (
					"$(inherited)",
					"@executable_path/Frameworks",
				);
				PRODUCT_BUNDLE_IDENTIFIER = "DohyunKim.Swift-Study-17";
				PRODUCT_NAME = "$(TARGET_NAME)";
				SWIFT_VERSION = 5.0;
				TARGETED_DEVICE_FAMILY = "1,2";
			};
			name = Release;
		};
		47D5A2222497782200F03876 /* Debug */ = {
			isa = XCBuildConfiguration;
			buildSettings = {
				ALWAYS_EMBED_SWIFT_STANDARD_LIBRARIES = YES;
				BUNDLE_LOADER = "$(TEST_HOST)";
				CODE_SIGN_STYLE = Automatic;
				DEVELOPMENT_TEAM = VSX6758FTG;
				INFOPLIST_FILE = Swift_Study_17Tests/Info.plist;
				IPHONEOS_DEPLOYMENT_TARGET = 13.5;
				LD_RUNPATH_SEARCH_PATHS = (
					"$(inherited)",
					"@executable_path/Frameworks",
					"@loader_path/Frameworks",
				);
				PRODUCT_BUNDLE_IDENTIFIER = "DohyunKim.Swift-Study-17Tests";
				PRODUCT_NAME = "$(TARGET_NAME)";
				SWIFT_VERSION = 5.0;
				TARGETED_DEVICE_FAMILY = "1,2";
				TEST_HOST = "$(BUILT_PRODUCTS_DIR)/Swift_Study_17.app/Swift_Study_17";
			};
			name = Debug;
		};
		47D5A2232497782200F03876 /* Release */ = {
			isa = XCBuildConfiguration;
			buildSettings = {
				ALWAYS_EMBED_SWIFT_STANDARD_LIBRARIES = YES;
				BUNDLE_LOADER = "$(TEST_HOST)";
				CODE_SIGN_STYLE = Automatic;
				DEVELOPMENT_TEAM = VSX6758FTG;
				INFOPLIST_FILE = Swift_Study_17Tests/Info.plist;
				IPHONEOS_DEPLOYMENT_TARGET = 13.5;
				LD_RUNPATH_SEARCH_PATHS = (
					"$(inherited)",
					"@executable_path/Frameworks",
					"@loader_path/Frameworks",
				);
				PRODUCT_BUNDLE_IDENTIFIER = "DohyunKim.Swift-Study-17Tests";
				PRODUCT_NAME = "$(TARGET_NAME)";
				SWIFT_VERSION = 5.0;
				TARGETED_DEVICE_FAMILY = "1,2";
				TEST_HOST = "$(BUILT_PRODUCTS_DIR)/Swift_Study_17.app/Swift_Study_17";
			};
			name = Release;
		};
		47D5A2252497782200F03876 /* Debug */ = {
			isa = XCBuildConfiguration;
			buildSettings = {
				ALWAYS_EMBED_SWIFT_STANDARD_LIBRARIES = YES;
				CODE_SIGN_STYLE = Automatic;
				DEVELOPMENT_TEAM = VSX6758FTG;
				INFOPLIST_FILE = Swift_Study_17UITests/Info.plist;
				LD_RUNPATH_SEARCH_PATHS = (
					"$(inherited)",
					"@executable_path/Frameworks",
					"@loader_path/Frameworks",
				);
				PRODUCT_BUNDLE_IDENTIFIER = "DohyunKim.Swift-Study-17UITests";
				PRODUCT_NAME = "$(TARGET_NAME)";
				SWIFT_VERSION = 5.0;
				TARGETED_DEVICE_FAMILY = "1,2";
				TEST_TARGET_NAME = Swift_Study_17;
			};
			name = Debug;
		};
		47D5A2262497782200F03876 /* Release */ = {
			isa = XCBuildConfiguration;
			buildSettings = {
				ALWAYS_EMBED_SWIFT_STANDARD_LIBRARIES = YES;
				CODE_SIGN_STYLE = Automatic;
				DEVELOPMENT_TEAM = VSX6758FTG;
				INFOPLIST_FILE = Swift_Study_17UITests/Info.plist;
				LD_RUNPATH_SEARCH_PATHS = (
					"$(inherited)",
					"@executable_path/Frameworks",
					"@loader_path/Frameworks",
				);
				PRODUCT_BUNDLE_IDENTIFIER = "DohyunKim.Swift-Study-17UITests";
				PRODUCT_NAME = "$(TARGET_NAME)";
				SWIFT_VERSION = 5.0;
				TARGETED_DEVICE_FAMILY = "1,2";
				TEST_TARGET_NAME = Swift_Study_17;
			};
			name = Release;
		};
/* End XCBuildConfiguration section */

/* Begin XCConfigurationList section */
		47D5A1EF2497782100F03876 /* Build configuration list for PBXProject "Swift_Study_17" */ = {
			isa = XCConfigurationList;
			buildConfigurations = (
				47D5A21C2497782200F03876 /* Debug */,
				47D5A21D2497782200F03876 /* Release */,
			);
			defaultConfigurationIsVisible = 0;
			defaultConfigurationName = Release;
		};
		47D5A21E2497782200F03876 /* Build configuration list for PBXNativeTarget "Swift_Study_17" */ = {
			isa = XCConfigurationList;
			buildConfigurations = (
				47D5A21F2497782200F03876 /* Debug */,
				47D5A2202497782200F03876 /* Release */,
			);
			defaultConfigurationIsVisible = 0;
			defaultConfigurationName = Release;
		};
		47D5A2212497782200F03876 /* Build configuration list for PBXNativeTarget "Swift_Study_17Tests" */ = {
			isa = XCConfigurationList;
			buildConfigurations = (
				47D5A2222497782200F03876 /* Debug */,
				47D5A2232497782200F03876 /* Release */,
			);
			defaultConfigurationIsVisible = 0;
			defaultConfigurationName = Release;
		};
		47D5A2242497782200F03876 /* Build configuration list for PBXNativeTarget "Swift_Study_17UITests" */ = {
			isa = XCConfigurationList;
			buildConfigurations = (
				47D5A2252497782200F03876 /* Debug */,
				47D5A2262497782200F03876 /* Release */,
			);
			defaultConfigurationIsVisible = 0;
			defaultConfigurationName = Release;
		};
/* End XCConfigurationList section */
	};
	rootObject = 47D5A1EC2497782100F03876 /* Project object */;
}
